{
  "version": 4,
  "terraform_version": "1.14.4",
  "serial": 220,
  "lineage": "76a3db0d-2463-ca66-5b29-f79540669b2a",
  "outputs": {
    "bonusA_ec2_instance_id": {
      "value": "i-019c2d6369124824f",
      "type": "string"
    },
    "bonusA_ec2_public_ip": {
      "value": "",
      "type": "string"
    },
    "bonusA_interface_endpoint_services": {
      "value": [
        "com.amazonaws.us-east-1.ec2messages",
        "com.amazonaws.us-east-1.kms",
        "com.amazonaws.us-east-1.logs",
        "com.amazonaws.us-east-1.secretsmanager",
        "com.amazonaws.us-east-1.ssm",
        "com.amazonaws.us-east-1.ssmmessages"
      ],
      "type": [
        "tuple",
        [
          "string",
          "string",
          "string",
          "string",
          "string",
          "string"
        ]
      ]
    },
    "bonusA_s3_gateway_endpoint_id": {
      "value": "vpce-062b17e89c9d013a5",
      "type": "string"
    },
    "bonus_b_acm_certificate_arn": {
      "value": "arn:aws:acm:us-east-1:198547498722:certificate/e585b199-28b4-448a-ad67-0e55674cacd7",
      "type": "string"
    },
    "bonus_b_alb_arn": {
      "value": "arn:aws:elasticloadbalancing:us-east-1:198547498722:loadbalancer/app/chrisbarm-alb01/64de7b1cb6437a2f",
      "type": "string"
    },
    "bonus_b_alb_dns_name": {
      "value": "chrisbarm-alb01-1863256900.us-east-1.elb.amazonaws.com",
      "type": "string"
    },
    "bonus_b_dashboard_name": {
      "value": "chrisbarm-alb-dashboard",
      "type": "string"
    },
    "bonus_b_sns_topic_arn": {
      "value": "arn:aws:sns:us-east-1:198547498722:chrisbarm-alb-alarms",
      "type": "string"
    },
    "bonus_b_target_group_arn": {
      "value": "arn:aws:elasticloadbalancing:us-east-1:198547498722:targetgroup/chrisbarm-tg01/fb4610ae272fde61",
      "type": "string"
    },
    "bonus_b_waf_acl_arn": {
      "value": "arn:aws:wafv2:us-east-1:198547498722:regional/webacl/chrisbarm-alb-waf01/61197224-e5dc-4598-98d2-040a5c65dff5",
      "type": "string"
    },
    "chrisbarm_private_subnet_ids": {
      "value": [
        "subnet-06e4b43455b66f6fc",
        "subnet-0d9a396bbd2bd3e1a"
      ],
      "type": [
        "tuple",
        [
          "string",
          "string"
        ]
      ]
    },
    "chrisbarm_public_subnet_ids": {
      "value": [
        "subnet-0edcc937f92f62a62",
        "subnet-0ba79ad4d030f5e3e"
      ],
      "type": [
        "tuple",
        [
          "string",
          "string"
        ]
      ]
    },
    "chrisbarm_vpc_id": {
      "value": "vpc-0e95b63f7d1f1cbe9",
      "type": "string"
    },
    "lab_ec2_public_dns": {
      "value": "",
      "type": "string"
    },
    "lab_ec2_public_ip": {
      "value": "",
      "type": "string"
    },
    "lab_rds_endpoint": {
      "value": "chrisbarm-mysql.c4x68420cyvy.us-east-1.rds.amazonaws.com",
      "type": "string"
    },
    "lab_secret_arn": {
      "value": "arn:aws:secretsmanager:us-east-1:198547498722:secret:lab1a/rds/mysql-ZgJmsK",
      "type": "string"
    },
    "lab_secret_name": {
      "value": "lab1a/rds/mysql",
      "type": "string"
    }
  },
  "resources": [
    {
      "mode": "data",
      "type": "aws_route53_zone",
      "name": "bonus_b",
      "provider": "provider[\"registry.terraform.io/hashicorp/aws\"]",
      "instances": []
    },
    {
      "mode": "managed",
      "type": "aws_acm_certificate",
      "name": "bonus_b_cert",
      "provider": "provider[\"registry.terraform.io/hashicorp/aws\"]",
      "instances": [
        {
          "schema_version": 0,
          "attributes": {
            "arn": "arn:aws:acm:us-east-1:198547498722:certificate/e585b199-28b4-448a-ad67-0e55674cacd7",
            "certificate_authority_arn": "",
            "certificate_body": null,
            "certificate_chain": null,
            "domain_name": "app.chrisbarm-growl.com",
            "domain_validation_options": [
              {
                "domain_name": "app.chrisbarm-growl.com",
                "resource_record_name": "_bf40b9e8116bb5f9fe1aa724b2eee711.app.chrisbarm-growl.com.",
                "resource_record_type": "CNAME",
                "resource_record_value": "_eb184d33ffd81d0ca82cf55e207cf81e.jkddzztszm.acm-validations.aws."
              }
            ],
            "early_renewal_duration": "",
            "id": "arn:aws:acm:us-east-1:198547498722:certificate/e585b199-28b4-448a-ad67-0e55674cacd7",
            "key_algorithm": "RSA_2048",
            "not_after": "",
            "not_before": "",
            "options": [
              {
                "certificate_transparency_logging_preference": "ENABLED",
                "export": "DISABLED"
              }
            ],
            "pending_renewal": false,
            "private_key": null,
            "region": "us-east-1",
            "renewal_eligibility": "INELIGIBLE",
            "renewal_summary": [],
            "status": "PENDING_VALIDATION",
            "subject_alternative_names": [
              "app.chrisbarm-growl.com"
            ],
            "tags": {
              "Name": "chrisbarm-acm-app"
            },
            "tags_all": {
              "Name": "chrisbarm-acm-app"
            },
            "type": "AMAZON_ISSUED",
            "validation_emails": [],
            "validation_method": "DNS",
            "validation_option": []
          },
          "sensitive_attributes": [
            [
              {
                "type": "get_attr",
                "value": "private_key"
              }
            ]
          ],
          "identity_schema_version": 0,
          "identity": {
            "arn": "arn:aws:acm:us-east-1:198547498722:certificate/e585b199-28b4-448a-ad67-0e55674cacd7"
          },
          "private": "bnVsbA=="
        }
      ]
    },
    {
      "mode": "managed",
      "type": "aws_acm_certificate_validation",
      "name": "bonus_b_cert_validation",
      "provider": "provider[\"registry.terraform.io/hashicorp/aws\"]",
      "instances": []
    },
    {
      "mode": "managed",
      "type": "aws_cloudwatch_dashboard",
      "name": "chrisbarm_alb_dashboard01",
      "provider": "provider[\"registry.terraform.io/hashicorp/aws\"]",
      "instances": [
        {
          "schema_version": 0,
          "attributes": {
            "dashboard_arn": "arn:aws:cloudwatch::198547498722:dashboard/chrisbarm-alb-dashboard",
            "dashboard_body": "{\"widgets\":[{\"height\":6,\"properties\":{\"metrics\":[[\"AWS/ApplicationELB\",\"HTTPCode_ELB_5XX_Count\",\"LoadBalancer\",\"app/chrisbarm-alb01/64de7b1cb6437a2f\"]],\"period\":300,\"region\":\"us-east-1\",\"stat\":\"Sum\",\"title\":\"ALB 5XX (ELB)\"},\"type\":\"metric\",\"width\":12}]}",
            "dashboard_name": "chrisbarm-alb-dashboard",
            "id": "chrisbarm-alb-dashboard",
            "region": "us-east-1"
          },
          "sensitive_attributes": [],
          "identity_schema_version": 0,
          "private": "bnVsbA==",
          "dependencies": [
            "aws_lb.chrisbarm_alb01",
            "aws_security_group.chrisbarm_alb_sg01",
            "aws_subnet.chrisbarm_public_subnets",
            "aws_vpc.chrisbarm_vpc01"
          ]
        }
      ]
    },
    {
      "mode": "managed",
      "type": "aws_cloudwatch_metric_alarm",
      "name": "chrisbarm_alb_5xx_alarm",
      "provider": "provider[\"registry.terraform.io/hashicorp/aws\"]",
      "instances": [
        {
          "schema_version": 1,
          "attributes": {
            "actions_enabled": true,
            "alarm_actions": [
              "arn:aws:sns:us-east-1:198547498722:chrisbarm-alb-alarms"
            ],
            "alarm_description": "ALB 5xx spikes",
            "alarm_name": "chrisbarm-alb-5xx",
            "arn": "arn:aws:cloudwatch:us-east-1:198547498722:alarm:chrisbarm-alb-5xx",
            "comparison_operator": "GreaterThanOrEqualToThreshold",
            "datapoints_to_alarm": 0,
            "dimensions": {
              "LoadBalancer": "app/chrisbarm-alb01/64de7b1cb6437a2f"
            },
            "evaluate_low_sample_count_percentiles": "",
            "evaluation_periods": 1,
            "extended_statistic": "",
            "id": "chrisbarm-alb-5xx",
            "insufficient_data_actions": null,
            "metric_name": "HTTPCode_ELB_5XX_Count",
            "metric_query": [],
            "namespace": "AWS/ApplicationELB",
            "ok_actions": [
              "arn:aws:sns:us-east-1:198547498722:chrisbarm-alb-alarms"
            ],
            "period": 300,
            "region": "us-east-1",
            "statistic": "Sum",
            "tags": null,
            "tags_all": {},
            "threshold": 10,
            "threshold_metric_id": "",
            "treat_missing_data": "notBreaching",
            "unit": ""
          },
          "sensitive_attributes": [],
          "identity_schema_version": 0,
          "identity": {
            "account_id": "198547498722",
            "alarm_name": "chrisbarm-alb-5xx",
            "region": "us-east-1"
          },
          "private": "eyJzY2hlbWFfdmVyc2lvbiI6IjEifQ==",
          "dependencies": [
            "aws_lb.chrisbarm_alb01",
            "aws_security_group.chrisbarm_alb_sg01",
            "aws_sns_topic.chrisbarm_sns_topic01",
            "aws_subnet.chrisbarm_public_subnets",
            "aws_vpc.chrisbarm_vpc01"
          ]
        }
      ]
    },
    {
      "mode": "managed",
      "type": "aws_db_instance",
      "name": "chrisbarm_rds01",
      "provider": "provider[\"registry.terraform.io/hashicorp/aws\"]",
      "instances": [
        {
          "schema_version": 2,
          "attributes": {
            "address": "chrisbarm-mysql.c4x68420cyvy.us-east-1.rds.amazonaws.com",
            "allocated_storage": 20,
            "allow_major_version_upgrade": null,
            "apply_immediately": false,
            "arn": "arn:aws:rds:us-east-1:198547498722:db:chrisbarm-mysql",
            "auto_minor_version_upgrade": true,
            "availability_zone": "us-east-1b",
            "backup_retention_period": 0,
            "backup_target": "region",
            "backup_window": "05:40-06:10",
            "blue_green_update": [],
            "ca_cert_identifier": "rds-ca-rsa2048-g1",
            "character_set_name": "",
            "copy_tags_to_snapshot": false,
            "custom_iam_instance_profile": "",
            "customer_owned_ip_enabled": false,
            "database_insights_mode": "standard",
            "db_name": "labdb",
            "db_subnet_group_name": "chrisbarm-rds-subnet-group02",
            "dedicated_log_volume": false,
            "delete_automated_backups": false,
            "deletion_protection": false,
            "domain": "",
            "domain_auth_secret_arn": "",
            "domain_dns_ips": [],
            "domain_fqdn": "",
            "domain_iam_role_name": "",
            "domain_ou": "",
            "enabled_cloudwatch_logs_exports": [],
            "endpoint": "chrisbarm-mysql.c4x68420cyvy.us-east-1.rds.amazonaws.com:3306",
            "engine": "mysql",
            "engine_lifecycle_support": "open-source-rds-extended-support",
            "engine_version": "8.4.7",
            "engine_version_actual": "8.4.7",
            "final_snapshot_identifier": null,
            "hosted_zone_id": "Z2R2ITUGPM61AM",
            "iam_database_authentication_enabled": false,
            "id": "db-B3TQEOHTEQIFFSZAWYOTV2W3FQ",
            "identifier": "chrisbarm-mysql",
            "identifier_prefix": "",
            "instance_class": "db.t3.micro",
            "iops": 3000,
            "kms_key_id": "",
            "latest_restorable_time": "",
            "license_model": "general-public-license",
            "listener_endpoint": [],
            "maintenance_window": "mon:05:05-mon:05:35",
            "manage_master_user_password": null,
            "master_user_secret": [],
            "master_user_secret_kms_key_id": null,
            "max_allocated_storage": 0,
            "monitoring_interval": 0,
            "monitoring_role_arn": "",
            "multi_az": false,
            "nchar_character_set_name": "",
            "network_type": "IPV4",
            "option_group_name": "default:mysql-8-4",
            "parameter_group_name": "default.mysql8.4",
            "password": "redpillman",
            "password_wo": null,
            "password_wo_version": null,
            "performance_insights_enabled": false,
            "performance_insights_kms_key_id": "",
            "performance_insights_retention_period": 0,
            "port": 3306,
            "publicly_accessible": false,
            "region": "us-east-1",
            "replica_mode": "",
            "replicas": [],
            "replicate_source_db": "",
            "resource_id": "db-B3TQEOHTEQIFFSZAWYOTV2W3FQ",
            "restore_to_point_in_time": [],
            "s3_import": [],
            "skip_final_snapshot": true,
            "snapshot_identifier": null,
            "status": "available",
            "storage_encrypted": false,
            "storage_throughput": 125,
            "storage_type": "gp3",
            "tags": {
              "Name": "lab-mysql"
            },
            "tags_all": {
              "Name": "lab-mysql"
            },
            "timeouts": null,
            "timezone": "",
            "upgrade_rollout_order": "second",
            "upgrade_storage_config": null,
            "username": "daman",
            "vpc_security_group_ids": [
              "sg-043a735d0ec223f3d"
            ]
          },
          "sensitive_attributes": [
            [
              {
                "type": "get_attr",
                "value": "password"
              }
            ],
            [
              {
                "type": "get_attr",
                "value": "password_wo"
              }
            ]
          ],
          "identity_schema_version": 0,
          "private": "eyJlMmJmYjczMC1lY2FhLTExZTYtOGY4OC0zNDM2M2JjN2M0YzAiOnsiY3JlYXRlIjozMDAwMDAwMDAwMDAwLCJkZWxldGUiOjM2MDAwMDAwMDAwMDAsInVwZGF0ZSI6NDgwMDAwMDAwMDAwMH0sInNjaGVtYV92ZXJzaW9uIjoiMiJ9",
          "dependencies": [
            "aws_db_subnet_group.chrisbarm_rds_subnet_group01",
            "aws_security_group.chrisbarm_rds_sg01",
            "aws_subnet.chrisbarm_private_subnets",
            "aws_vpc.chrisbarm_vpc01"
          ]
        }
      ]
    },
    {
      "mode": "managed",
      "type": "aws_db_subnet_group",
      "name": "chrisbarm_rds_subnet_group01",
      "provider": "provider[\"registry.terraform.io/hashicorp/aws\"]",
      "instances": [
        {
          "schema_version": 0,
          "attributes": {
            "arn": "arn:aws:rds:us-east-1:198547498722:subgrp:chrisbarm-rds-subnet-group02",
            "description": "Managed by Terraform",
            "id": "chrisbarm-rds-subnet-group02",
            "name": "chrisbarm-rds-subnet-group02",
            "name_prefix": "",
            "region": "us-east-1",
            "subnet_ids": [
              "subnet-06e4b43455b66f6fc",
              "subnet-0d9a396bbd2bd3e1a"
            ],
            "supported_network_types": [
              "IPV4"
            ],
            "tags": {
              "Name": "chrisbarm-rds-subnet-group02"
            },
            "tags_all": {
              "Name": "chrisbarm-rds-subnet-group02"
            },
            "vpc_id": "vpc-0e95b63f7d1f1cbe9"
          },
          "sensitive_attributes": [],
          "identity_schema_version": 0,
          "private": "bnVsbA==",
          "dependencies": [
            "aws_subnet.chrisbarm_private_subnets",
            "aws_vpc.chrisbarm_vpc01"
          ]
        }
      ]
    },
    {
      "mode": "managed",
      "type": "aws_eip",
      "name": "chrisbarm_nat_eip01",
      "provider": "provider[\"registry.terraform.io/hashicorp/aws\"]",
      "instances": [
        {
          "schema_version": 0,
          "attributes": {
            "address": null,
            "allocation_id": "eipalloc-0142fcaa6179b07b6",
            "arn": "arn:aws:ec2:us-east-1:198547498722:elastic-ip/eipalloc-0142fcaa6179b07b6",
            "associate_with_private_ip": null,
            "association_id": "eipassoc-0314a076ba8e9c14b",
            "carrier_ip": "",
            "customer_owned_ip": "",
            "customer_owned_ipv4_pool": "",
            "domain": "vpc",
            "id": "eipalloc-0142fcaa6179b07b6",
            "instance": "",
            "ipam_pool_id": null,
            "network_border_group": "us-east-1",
            "network_interface": "eni-05c61b75c04cff248",
            "private_dns": "ip-10-0-1-51.ec2.internal",
            "private_ip": "10.0.1.51",
            "ptr_record": "",
            "public_dns": "ec2-54-196-69-15.compute-1.amazonaws.com",
            "public_ip": "54.196.69.15",
            "public_ipv4_pool": "amazon",
            "region": "us-east-1",
            "tags": {
              "Name": "chrisbarm-nat-eip01"
            },
            "tags_all": {
              "Name": "chrisbarm-nat-eip01"
            },
            "timeouts": null
          },
          "sensitive_attributes": [],
          "identity_schema_version": 0,
          "private": "eyJlMmJmYjczMC1lY2FhLTExZTYtOGY4OC0zNDM2M2JjN2M0YzAiOnsiZGVsZXRlIjoxODAwMDAwMDAwMDAsInJlYWQiOjkwMDAwMDAwMDAwMCwidXBkYXRlIjozMDAwMDAwMDAwMDB9fQ=="
        }
      ]
    },
    {
      "mode": "managed",
      "type": "aws_iam_instance_profile",
      "name": "chrisbarm_instance_profile01",
      "provider": "provider[\"registry.terraform.io/hashicorp/aws\"]",
      "instances": [
        {
          "schema_version": 0,
          "attributes": {
            "arn": "arn:aws:iam::198547498722:instance-profile/chrisbarm-instance-profile01",
            "create_date": "2026-02-04T08:05:36Z",
            "id": "chrisbarm-instance-profile01",
            "name": "chrisbarm-instance-profile01",
            "name_prefix": "",
            "path": "/",
            "role": "chrisbarm-ec2-role01",
            "tags": {},
            "tags_all": {},
            "unique_id": "AIPAS4OS2M3RJ3DUUGPFC"
          },
          "sensitive_attributes": [],
          "identity_schema_version": 0,
          "private": "bnVsbA==",
          "dependencies": [
            "aws_iam_role.chrisbarm_ec2_role01"
          ]
        }
      ]
    },
    {
      "mode": "managed",
      "type": "aws_iam_policy",
      "name": "chrisbarm_secrets_policy",
      "provider": "provider[\"registry.terraform.io/hashicorp/aws\"]",
      "instances": [
        {
          "schema_version": 0,
          "attributes": {
            "arn": "arn:aws:iam::198547498722:policy/chrisbarm-secrets-read-lab-rds-mysql",
            "attachment_count": 1,
            "delay_after_policy_creation_in_ms": null,
            "description": "Least-privilege Secrets Manager read access for lab secret only",
            "id": "arn:aws:iam::198547498722:policy/chrisbarm-secrets-read-lab-rds-mysql",
            "name": "chrisbarm-secrets-read-lab-rds-mysql",
            "name_prefix": "",
            "path": "/",
            "policy": "{\"Statement\":[{\"Action\":[\"secretsmanager:GetSecretValue\",\"secretsmanager:DescribeSecret\"],\"Effect\":\"Allow\",\"Resource\":\"arn:aws:secretsmanager:us-east-1:198547498722:secret:lab1a/rds/mysql-ZgJmsK\",\"Sid\":\"ReadLabSecret\"}],\"Version\":\"2012-10-17\"}",
            "policy_id": "ANPAS4OS2M3RPRTKMXOVQ",
            "tags": {},
            "tags_all": {}
          },
          "sensitive_attributes": [],
          "identity_schema_version": 0,
          "identity": {
            "arn": "arn:aws:iam::198547498722:policy/chrisbarm-secrets-read-lab-rds-mysql"
          },
          "private": "bnVsbA==",
          "dependencies": [
            "aws_secretsmanager_secret.chrisbarm_db_secret01"
          ]
        }
      ]
    },
    {
      "mode": "managed",
      "type": "aws_iam_role",
      "name": "chrisbarm_ec2_role01",
      "provider": "provider[\"registry.terraform.io/hashicorp/aws\"]",
      "instances": [
        {
          "schema_version": 0,
          "attributes": {
            "arn": "arn:aws:iam::198547498722:role/chrisbarm-ec2-role01",
            "assume_role_policy": "{\"Statement\":[{\"Action\":\"sts:AssumeRole\",\"Effect\":\"Allow\",\"Principal\":{\"Service\":\"ec2.amazonaws.com\"}}],\"Version\":\"2012-10-17\"}",
            "create_date": "2026-02-04T08:05:36Z",
            "description": "",
            "force_detach_policies": false,
            "id": "chrisbarm-ec2-role01",
            "inline_policy": [],
            "managed_policy_arns": [
              "arn:aws:iam::198547498722:policy/chrisbarm-secrets-read-lab-rds-mysql",
              "arn:aws:iam::aws:policy/AmazonSSMManagedInstanceCore"
            ],
            "max_session_duration": 3600,
            "name": "chrisbarm-ec2-role01",
            "name_prefix": "",
            "path": "/",
            "permissions_boundary": "",
            "tags": {},
            "tags_all": {},
            "unique_id": "AROAS4OS2M3RGZNZRSDIF"
          },
          "sensitive_attributes": [],
          "identity_schema_version": 0,
          "identity": {
            "account_id": "198547498722",
            "name": "chrisbarm-ec2-role01"
          },
          "private": "bnVsbA=="
        }
      ]
    },
    {
      "mode": "managed",
      "type": "aws_iam_role_policy_attachment",
      "name": "chrisbarm_ec2_secrets_attach",
      "provider": "provider[\"registry.terraform.io/hashicorp/aws\"]",
      "instances": [
        {
          "schema_version": 0,
          "attributes": {
            "id": "chrisbarm-ec2-role01/arn:aws:iam::198547498722:policy/chrisbarm-secrets-read-lab-rds-mysql",
            "policy_arn": "arn:aws:iam::198547498722:policy/chrisbarm-secrets-read-lab-rds-mysql",
            "role": "chrisbarm-ec2-role01"
          },
          "sensitive_attributes": [],
          "identity_schema_version": 0,
          "identity": {
            "account_id": "198547498722",
            "policy_arn": "arn:aws:iam::198547498722:policy/chrisbarm-secrets-read-lab-rds-mysql",
            "role": "chrisbarm-ec2-role01"
          },
          "private": "bnVsbA==",
          "dependencies": [
            "aws_iam_policy.chrisbarm_secrets_policy",
            "aws_iam_role.chrisbarm_ec2_role01",
            "aws_secretsmanager_secret.chrisbarm_db_secret01"
          ]
        }
      ]
    },
    {
      "mode": "managed",
      "type": "aws_iam_role_policy_attachment",
      "name": "chrisbarm_ec2_ssm_attach",
      "provider": "provider[\"registry.terraform.io/hashicorp/aws\"]",
      "instances": [
        {
          "schema_version": 0,
          "attributes": {
            "id": "chrisbarm-ec2-role01/arn:aws:iam::aws:policy/AmazonSSMManagedInstanceCore",
            "policy_arn": "arn:aws:iam::aws:policy/AmazonSSMManagedInstanceCore",
            "role": "chrisbarm-ec2-role01"
          },
          "sensitive_attributes": [],
          "identity_schema_version": 0,
          "identity": {
            "account_id": "198547498722",
            "policy_arn": "arn:aws:iam::aws:policy/AmazonSSMManagedInstanceCore",
            "role": "chrisbarm-ec2-role01"
          },
          "private": "bnVsbA==",
          "dependencies": [
            "aws_iam_role.chrisbarm_ec2_role01"
          ]
        }
      ]
    },
    {
      "mode": "managed",
      "type": "aws_instance",
      "name": "chrisbarm_ec2_01",
      "provider": "provider[\"registry.terraform.io/hashicorp/aws\"]",
      "instances": [
        {
          "schema_version": 2,
          "attributes": {
            "ami": "ami-0030e4319cbf4dbf2",
            "arn": "arn:aws:ec2:us-east-1:198547498722:instance/i-019c2d6369124824f",
            "associate_public_ip_address": false,
            "availability_zone": "us-east-1a",
            "capacity_reservation_specification": [
              {
                "capacity_reservation_preference": "open",
                "capacity_reservation_target": []
              }
            ],
            "cpu_options": [
              {
                "amd_sev_snp": "",
                "core_count": 1,
                "threads_per_core": 2
              }
            ],
            "credit_specification": [
              {
                "cpu_credits": "unlimited"
              }
            ],
            "disable_api_stop": false,
            "disable_api_termination": false,
            "ebs_block_device": [],
            "ebs_optimized": false,
            "enable_primary_ipv6": null,
            "enclave_options": [
              {
                "enabled": false
              }
            ],
            "ephemeral_block_device": [],
            "force_destroy": false,
            "get_password_data": false,
            "hibernation": false,
            "host_id": "",
            "host_resource_group_arn": null,
            "iam_instance_profile": "chrisbarm-instance-profile01",
            "id": "i-019c2d6369124824f",
            "instance_initiated_shutdown_behavior": "stop",
            "instance_lifecycle": "",
            "instance_market_options": [],
            "instance_state": "running",
            "instance_type": "t3.micro",
            "ipv6_address_count": 0,
            "ipv6_addresses": [],
            "key_name": "",
            "launch_template": [],
            "maintenance_options": [
              {
                "auto_recovery": "default"
              }
            ],
            "metadata_options": [
              {
                "http_endpoint": "enabled",
                "http_protocol_ipv6": "disabled",
                "http_put_response_hop_limit": 1,
                "http_tokens": "optional",
                "instance_metadata_tags": "disabled"
              }
            ],
            "monitoring": false,
            "network_interface": [],
            "outpost_arn": "",
            "password_data": "",
            "placement_group": "",
            "placement_group_id": "",
            "placement_partition_number": 0,
            "primary_network_interface": [
              {
                "delete_on_termination": true,
                "network_interface_id": "eni-085527e26b673aa4c"
              }
            ],
            "primary_network_interface_id": "eni-085527e26b673aa4c",
            "private_dns": "ip-10-0-101-214.ec2.internal",
            "private_dns_name_options": [
              {
                "enable_resource_name_dns_a_record": false,
                "enable_resource_name_dns_aaaa_record": false,
                "hostname_type": "ip-name"
              }
            ],
            "private_ip": "10.0.101.214",
            "public_dns": "",
            "public_ip": "",
            "region": "us-east-1",
            "root_block_device": [
              {
                "delete_on_termination": true,
                "device_name": "/dev/sda1",
                "encrypted": false,
                "iops": 100,
                "kms_key_id": "",
                "tags": {},
                "tags_all": {},
                "throughput": 0,
                "volume_id": "vol-0824414a20259dc6a",
                "volume_size": 8,
                "volume_type": "gp2"
              }
            ],
            "secondary_private_ips": [],
            "security_groups": [],
            "source_dest_check": true,
            "spot_instance_request_id": "",
            "subnet_id": "subnet-06e4b43455b66f6fc",
            "tags": {
              "Name": "chrisbarm-ec2_01"
            },
            "tags_all": {
              "Name": "chrisbarm-ec2_01"
            },
            "tenancy": "default",
            "timeouts": null,
            "user_data": "#!/bin/bash\ndnf update -y\ndnf install -y python3-pip\npip3 install flask pymysql boto3\n\nmkdir -p /opt/rdsapp\ncat \u003e/opt/rdsapp/app.py \u003c\u003c'PY'\nimport json\nimport os\nimport boto3\nimport pymysql\nfrom flask import Flask, request\n\nREGION = os.environ.get(\"AWS_REGION\", \"us-east-1\")\nSECRET_ID = os.environ.get(\"SECRET_ID\", \"lab/rds/mysql\")\n\nsecrets = boto3.client(\"secretsmanager\", region_name=REGION)\n\ndef get_db_creds():\n    resp = secrets.get_secret_value(SecretId=SECRET_ID)\n    s = json.loads(resp[\"SecretString\"])\n    # When you use \"Credentials for RDS database\", AWS usually stores:\n    # username, password, host, port, dbname (sometimes)\n    return s\n\ndef get_conn():\n    c = get_db_creds()\n    host = c[\"host\"]\n    user = c[\"username\"]\n    password = c[\"password\"]\n    port = int(c.get(\"port\", 3306))\n    db = c.get(\"dbname\", \"labdb\")  # we'll create this if it doesn't exist\n    return pymysql.connect(host=host, user=user, password=password, port=port, database=db, autocommit=True)\n\napp = Flask(__name__)\n\n@app.route(\"/\")\ndef home():\n    return \"\"\"\n    \u003ch2\u003eEC2 → RDS Notes App\u003c/h2\u003e\n    \u003cp\u003ePOST /add?note=hello\u003c/p\u003e\n    \u003cp\u003eGET /list\u003c/p\u003e\n    \"\"\"\n\n@app.route(\"/init\")\ndef init_db():\n    c = get_db_creds()\n    host = c[\"host\"]\n    user = c[\"username\"]\n    password = c[\"password\"]\n    port = int(c.get(\"port\", 3306))\n\n    # connect without specifying a DB first\n    conn = pymysql.connect(host=host, user=user, password=password, port=port, autocommit=True)\n    cur = conn.cursor()\n    cur.execute(\"CREATE DATABASE IF NOT EXISTS labdb;\")\n    cur.execute(\"USE labdb;\")\n    cur.execute(\"\"\"\n        CREATE TABLE IF NOT EXISTS notes (\n            id INT AUTO_INCREMENT PRIMARY KEY,\n            note VARCHAR(255) NOT NULL\n        );\n    \"\"\")\n    cur.close()\n    conn.close()\n    return \"Initialized labdb + notes table.\"\n\n@app.route(\"/add\", methods=[\"POST\", \"GET\"])\ndef add_note():\n    note = request.args.get(\"note\", \"\").strip()\n    if not note:\n        return \"Missing note param. Try: /add?note=hello\", 400\n    conn = get_conn()\n    cur = conn.cursor()\n    cur.execute(\"INSERT INTO notes(note) VALUES(%s);\", (note,))\n    cur.close()\n    conn.close()\n    return f\"Inserted note: {note}\"\n\n@app.route(\"/list\")\ndef list_notes():\n    conn = get_conn()\n    cur = conn.cursor()\n    cur.execute(\"SELECT id, note FROM notes ORDER BY id DESC;\")\n    rows = cur.fetchall()\n    cur.close()\n    conn.close()\n    out = \"\u003ch3\u003eNotes\u003c/h3\u003e\u003cul\u003e\"\n    for r in rows:\n        out += f\"\u003cli\u003e{r[0]}: {r[1]}\u003c/li\u003e\"\n    out += \"\u003c/ul\u003e\"\n    return out\n\nif __name__ == \"__main__\":\n    app.run(host=\"0.0.0.0\", port=80)\nPY\n\ncat \u003e/etc/systemd/system/rdsapp.service \u003c\u003c'SERVICE'\n[Unit]\nDescription=EC2 to RDS Notes App\nAfter=network.target\n\n[Service]\nWorkingDirectory=/opt/rdsapp\nEnvironment=SECRET_ID=lab/rds/mysql\nExecStart=/usr/bin/python3 /opt/rdsapp/app.py\nRestart=always\n\n[Install]\nWantedBy=multi-user.target\nSERVICE\n\nsystemctl daemon-reload\nsystemctl enable rdsapp\nsystemctl start rdsapp",
            "user_data_base64": null,
            "user_data_replace_on_change": true,
            "volume_tags": null,
            "vpc_security_group_ids": [
              "sg-0ad4cd5d08ff66a9b"
            ]
          },
          "sensitive_attributes": [],
          "identity_schema_version": 0,
          "identity": {
            "account_id": "198547498722",
            "id": "i-019c2d6369124824f",
            "region": "us-east-1"
          },
          "private": "eyJlMmJmYjczMC1lY2FhLTExZTYtOGY4OC0zNDM2M2JjN2M0YzAiOnsiY3JlYXRlIjo2MDAwMDAwMDAwMDAsImRlbGV0ZSI6MTIwMDAwMDAwMDAwMCwicmVhZCI6OTAwMDAwMDAwMDAwLCJ1cGRhdGUiOjYwMDAwMDAwMDAwMH0sInNjaGVtYV92ZXJzaW9uIjoiMiJ9",
          "dependencies": [
            "aws_db_instance.chrisbarm_rds01",
            "aws_db_subnet_group.chrisbarm_rds_subnet_group01",
            "aws_iam_instance_profile.chrisbarm_instance_profile01",
            "aws_iam_role.chrisbarm_ec2_role01",
            "aws_security_group.chrisbarm_ec2_sg01",
            "aws_security_group.chrisbarm_rds_sg01",
            "aws_subnet.chrisbarm_private_subnets",
            "aws_vpc.chrisbarm_vpc01"
          ]
        }
      ]
    },
    {
      "mode": "managed",
      "type": "aws_internet_gateway",
      "name": "chrisbarm_igw01",
      "provider": "provider[\"registry.terraform.io/hashicorp/aws\"]",
      "instances": [
        {
          "schema_version": 0,
          "attributes": {
            "arn": "arn:aws:ec2:us-east-1:198547498722:internet-gateway/igw-06bb0c23ce74a0a10",
            "id": "igw-06bb0c23ce74a0a10",
            "owner_id": "198547498722",
            "region": "us-east-1",
            "tags": {
              "Name": "chrisbarm-igw01"
            },
            "tags_all": {
              "Name": "chrisbarm-igw01"
            },
            "timeouts": null,
            "vpc_id": "vpc-0e95b63f7d1f1cbe9"
          },
          "sensitive_attributes": [],
          "identity_schema_version": 0,
          "private": "eyJlMmJmYjczMC1lY2FhLTExZTYtOGY4OC0zNDM2M2JjN2M0YzAiOnsiY3JlYXRlIjoxMjAwMDAwMDAwMDAwLCJkZWxldGUiOjEyMDAwMDAwMDAwMDAsInVwZGF0ZSI6MTIwMDAwMDAwMDAwMH19",
          "dependencies": [
            "aws_vpc.chrisbarm_vpc01"
          ]
        }
      ]
    },
    {
      "mode": "managed",
      "type": "aws_lb",
      "name": "chrisbarm_alb01",
      "provider": "provider[\"registry.terraform.io/hashicorp/aws\"]",
      "instances": [
        {
          "schema_version": 0,
          "attributes": {
            "access_logs": [
              {
                "bucket": "",
                "enabled": false,
                "prefix": ""
              }
            ],
            "arn": "arn:aws:elasticloadbalancing:us-east-1:198547498722:loadbalancer/app/chrisbarm-alb01/64de7b1cb6437a2f",
            "arn_suffix": "app/chrisbarm-alb01/64de7b1cb6437a2f",
            "client_keep_alive": 3600,
            "connection_logs": [
              {
                "bucket": "",
                "enabled": false,
                "prefix": ""
              }
            ],
            "customer_owned_ipv4_pool": "",
            "desync_mitigation_mode": "defensive",
            "dns_name": "chrisbarm-alb01-1863256900.us-east-1.elb.amazonaws.com",
            "dns_record_client_routing_policy": null,
            "drop_invalid_header_fields": false,
            "enable_cross_zone_load_balancing": true,
            "enable_deletion_protection": false,
            "enable_http2": true,
            "enable_tls_version_and_cipher_suite_headers": false,
            "enable_waf_fail_open": false,
            "enable_xff_client_port": false,
            "enable_zonal_shift": false,
            "enforce_security_group_inbound_rules_on_private_link_traffic": "",
            "health_check_logs": [
              {
                "bucket": "",
                "enabled": false,
                "prefix": ""
              }
            ],
            "id": "arn:aws:elasticloadbalancing:us-east-1:198547498722:loadbalancer/app/chrisbarm-alb01/64de7b1cb6437a2f",
            "idle_timeout": 60,
            "internal": false,
            "ip_address_type": "ipv4",
            "ipam_pools": [],
            "load_balancer_type": "application",
            "minimum_load_balancer_capacity": [],
            "name": "chrisbarm-alb01",
            "name_prefix": "",
            "preserve_host_header": false,
            "region": "us-east-1",
            "secondary_ips_auto_assigned_per_subnet": null,
            "security_groups": [
              "sg-0a27c7cb6602e42f2"
            ],
            "subnet_mapping": [
              {
                "allocation_id": "",
                "ipv6_address": "",
                "outpost_id": "",
                "private_ipv4_address": "",
                "subnet_id": "subnet-0ba79ad4d030f5e3e"
              },
              {
                "allocation_id": "",
                "ipv6_address": "",
                "outpost_id": "",
                "private_ipv4_address": "",
                "subnet_id": "subnet-0edcc937f92f62a62"
              }
            ],
            "subnets": [
              "subnet-0ba79ad4d030f5e3e",
              "subnet-0edcc937f92f62a62"
            ],
            "tags": {
              "Name": "chrisbarm-alb01"
            },
            "tags_all": {
              "Name": "chrisbarm-alb01"
            },
            "timeouts": null,
            "vpc_id": "vpc-0e95b63f7d1f1cbe9",
            "xff_header_processing_mode": "append",
            "zone_id": "Z35SXDOTRQ7X7K"
          },
          "sensitive_attributes": [],
          "identity_schema_version": 0,
          "identity": {
            "arn": "arn:aws:elasticloadbalancing:us-east-1:198547498722:loadbalancer/app/chrisbarm-alb01/64de7b1cb6437a2f"
          },
          "private": "eyJlMmJmYjczMC1lY2FhLTExZTYtOGY4OC0zNDM2M2JjN2M0YzAiOnsiY3JlYXRlIjo2MDAwMDAwMDAwMDAsImRlbGV0ZSI6NjAwMDAwMDAwMDAwLCJ1cGRhdGUiOjYwMDAwMDAwMDAwMH19",
          "dependencies": [
            "aws_security_group.chrisbarm_alb_sg01",
            "aws_subnet.chrisbarm_public_subnets",
            "aws_vpc.chrisbarm_vpc01"
          ]
        }
      ]
    },
    {
      "mode": "managed",
      "type": "aws_lb_listener",
      "name": "chrisbarm_alb_http",
      "provider": "provider[\"registry.terraform.io/hashicorp/aws\"]",
      "instances": [
        {
          "schema_version": 0,
          "attributes": {
            "alpn_policy": null,
            "arn": "arn:aws:elasticloadbalancing:us-east-1:198547498722:listener/app/chrisbarm-alb01/64de7b1cb6437a2f/0a3afc286fd945ed",
            "certificate_arn": null,
            "default_action": [
              {
                "authenticate_cognito": [],
                "authenticate_oidc": [],
                "fixed_response": [],
                "forward": [],
                "jwt_validation": [],
                "order": 1,
                "redirect": [
                  {
                    "host": "#{host}",
                    "path": "/#{path}",
                    "port": "443",
                    "protocol": "HTTPS",
                    "query": "#{query}",
                    "status_code": "HTTP_301"
                  }
                ],
                "target_group_arn": "",
                "type": "redirect"
              }
            ],
            "id": "arn:aws:elasticloadbalancing:us-east-1:198547498722:listener/app/chrisbarm-alb01/64de7b1cb6437a2f/0a3afc286fd945ed",
            "load_balancer_arn": "arn:aws:elasticloadbalancing:us-east-1:198547498722:loadbalancer/app/chrisbarm-alb01/64de7b1cb6437a2f",
            "mutual_authentication": [],
            "port": 80,
            "protocol": "HTTP",
            "region": "us-east-1",
            "routing_http_request_x_amzn_mtls_clientcert_header_name": null,
            "routing_http_request_x_amzn_mtls_clientcert_issuer_header_name": null,
            "routing_http_request_x_amzn_mtls_clientcert_leaf_header_name": null,
            "routing_http_request_x_amzn_mtls_clientcert_serial_number_header_name": null,
            "routing_http_request_x_amzn_mtls_clientcert_subject_header_name": null,
            "routing_http_request_x_amzn_mtls_clientcert_validity_header_name": null,
            "routing_http_request_x_amzn_tls_cipher_suite_header_name": null,
            "routing_http_request_x_amzn_tls_version_header_name": null,
            "routing_http_response_access_control_allow_credentials_header_value": "",
            "routing_http_response_access_control_allow_headers_header_value": "",
            "routing_http_response_access_control_allow_methods_header_value": "",
            "routing_http_response_access_control_allow_origin_header_value": "",
            "routing_http_response_access_control_expose_headers_header_value": "",
            "routing_http_response_access_control_max_age_header_value": "",
            "routing_http_response_content_security_policy_header_value": "",
            "routing_http_response_server_enabled": true,
            "routing_http_response_strict_transport_security_header_value": "",
            "routing_http_response_x_content_type_options_header_value": "",
            "routing_http_response_x_frame_options_header_value": "",
            "ssl_policy": "",
            "tags": null,
            "tags_all": {},
            "tcp_idle_timeout_seconds": null,
            "timeouts": null
          },
          "sensitive_attributes": [],
          "identity_schema_version": 0,
          "identity": {
            "arn": "arn:aws:elasticloadbalancing:us-east-1:198547498722:listener/app/chrisbarm-alb01/64de7b1cb6437a2f/0a3afc286fd945ed"
          },
          "private": "eyJlMmJmYjczMC1lY2FhLTExZTYtOGY4OC0zNDM2M2JjN2M0YzAiOnsiY3JlYXRlIjozMDAwMDAwMDAwMDAsInVwZGF0ZSI6MzAwMDAwMDAwMDAwfX0=",
          "dependencies": [
            "aws_lb.chrisbarm_alb01",
            "aws_security_group.chrisbarm_alb_sg01",
            "aws_subnet.chrisbarm_public_subnets",
            "aws_vpc.chrisbarm_vpc01"
          ]
        }
      ]
    },
    {
      "mode": "managed",
      "type": "aws_lb_target_group",
      "name": "chrisbarm_alb_tg01",
      "provider": "provider[\"registry.terraform.io/hashicorp/aws\"]",
      "instances": [
        {
          "schema_version": 0,
          "attributes": {
            "arn": "arn:aws:elasticloadbalancing:us-east-1:198547498722:targetgroup/chrisbarm-tg01/fb4610ae272fde61",
            "arn_suffix": "targetgroup/chrisbarm-tg01/fb4610ae272fde61",
            "connection_termination": null,
            "deregistration_delay": "300",
            "health_check": [
              {
                "enabled": true,
                "healthy_threshold": 2,
                "interval": 30,
                "matcher": "200-399",
                "path": "/",
                "port": "traffic-port",
                "protocol": "HTTP",
                "timeout": 5,
                "unhealthy_threshold": 2
              }
            ],
            "id": "arn:aws:elasticloadbalancing:us-east-1:198547498722:targetgroup/chrisbarm-tg01/fb4610ae272fde61",
            "ip_address_type": "ipv4",
            "lambda_multi_value_headers_enabled": false,
            "load_balancer_arns": [],
            "load_balancing_algorithm_type": "round_robin",
            "load_balancing_anomaly_mitigation": "off",
            "load_balancing_cross_zone_enabled": "use_load_balancer_configuration",
            "name": "chrisbarm-tg01",
            "name_prefix": "",
            "port": 80,
            "preserve_client_ip": null,
            "protocol": "HTTP",
            "protocol_version": "HTTP1",
            "proxy_protocol_v2": false,
            "region": "us-east-1",
            "slow_start": 0,
            "stickiness": [
              {
                "cookie_duration": 86400,
                "cookie_name": "",
                "enabled": false,
                "type": "lb_cookie"
              }
            ],
            "tags": {
              "Name": "chrisbarm-tg01"
            },
            "tags_all": {
              "Name": "chrisbarm-tg01"
            },
            "target_control_port": 0,
            "target_failover": [
              {
                "on_deregistration": null,
                "on_unhealthy": null
              }
            ],
            "target_group_health": [
              {
                "dns_failover": [
                  {
                    "minimum_healthy_targets_count": "1",
                    "minimum_healthy_targets_percentage": "off"
                  }
                ],
                "unhealthy_state_routing": [
                  {
                    "minimum_healthy_targets_count": 1,
                    "minimum_healthy_targets_percentage": "off"
                  }
                ]
              }
            ],
            "target_health_state": [
              {
                "enable_unhealthy_connection_termination": null,
                "unhealthy_draining_interval": null
              }
            ],
            "target_type": "instance",
            "vpc_id": "vpc-0e95b63f7d1f1cbe9"
          },
          "sensitive_attributes": [],
          "identity_schema_version": 0,
          "identity": {
            "arn": "arn:aws:elasticloadbalancing:us-east-1:198547498722:targetgroup/chrisbarm-tg01/fb4610ae272fde61"
          },
          "private": "bnVsbA==",
          "dependencies": [
            "aws_vpc.chrisbarm_vpc01"
          ]
        }
      ]
    },
    {
      "mode": "managed",
      "type": "aws_lb_target_group_attachment",
      "name": "chrisbarm_alb_tg_attachment01",
      "provider": "provider[\"registry.terraform.io/hashicorp/aws\"]",
      "instances": [
        {
          "schema_version": 0,
          "attributes": {
            "availability_zone": null,
            "id": "arn:aws:elasticloadbalancing:us-east-1:198547498722:targetgroup/chrisbarm-tg01/fb4610ae272fde61-20260204091226739400000003",
            "port": 80,
            "quic_server_id": null,
            "region": "us-east-1",
            "target_group_arn": "arn:aws:elasticloadbalancing:us-east-1:198547498722:targetgroup/chrisbarm-tg01/fb4610ae272fde61",
            "target_id": "i-019c2d6369124824f"
          },
          "sensitive_attributes": [],
          "identity_schema_version": 0,
          "private": "bnVsbA==",
          "dependencies": [
            "aws_db_instance.chrisbarm_rds01",
            "aws_db_subnet_group.chrisbarm_rds_subnet_group01",
            "aws_iam_instance_profile.chrisbarm_instance_profile01",
            "aws_iam_role.chrisbarm_ec2_role01",
            "aws_instance.chrisbarm_ec2_01",
            "aws_lb_target_group.chrisbarm_alb_tg01",
            "aws_security_group.chrisbarm_ec2_sg01",
            "aws_security_group.chrisbarm_rds_sg01",
            "aws_subnet.chrisbarm_private_subnets",
            "aws_vpc.chrisbarm_vpc01"
          ]
        }
      ]
    },
    {
      "mode": "managed",
      "type": "aws_nat_gateway",
      "name": "chrisbarm_nat01",
      "provider": "provider[\"registry.terraform.io/hashicorp/aws\"]",
      "instances": [
        {
          "schema_version": 0,
          "attributes": {
            "allocation_id": "eipalloc-0142fcaa6179b07b6",
            "association_id": "eipassoc-0314a076ba8e9c14b",
            "auto_provision_zones": null,
            "auto_scaling_ips": null,
            "availability_mode": "zonal",
            "availability_zone_address": [],
            "connectivity_type": "public",
            "id": "nat-0caad8689b1160cf1",
            "network_interface_id": "eni-05c61b75c04cff248",
            "private_ip": "10.0.1.51",
            "public_ip": "54.196.69.15",
            "region": "us-east-1",
            "regional_nat_gateway_address": [],
            "regional_nat_gateway_auto_mode": null,
            "route_table_id": null,
            "secondary_allocation_ids": [],
            "secondary_private_ip_address_count": 0,
            "secondary_private_ip_addresses": [],
            "subnet_id": "subnet-0edcc937f92f62a62",
            "tags": {
              "Name": "chrisbarm-nat01"
            },
            "tags_all": {
              "Name": "chrisbarm-nat01"
            },
            "timeouts": null,
            "vpc_id": "vpc-0e95b63f7d1f1cbe9"
          },
          "sensitive_attributes": [],
          "identity_schema_version": 0,
          "private": "eyJlMmJmYjczMC1lY2FhLTExZTYtOGY4OC0zNDM2M2JjN2M0YzAiOnsiY3JlYXRlIjo2MDAwMDAwMDAwMDAsImRlbGV0ZSI6MTgwMDAwMDAwMDAwMCwidXBkYXRlIjo2MDAwMDAwMDAwMDB9fQ==",
          "dependencies": [
            "aws_eip.chrisbarm_nat_eip01",
            "aws_internet_gateway.chrisbarm_igw01",
            "aws_subnet.chrisbarm_public_subnets",
            "aws_vpc.chrisbarm_vpc01"
          ]
        }
      ]
    },
    {
      "mode": "managed",
      "type": "aws_route",
      "name": "chrisbarm_private_default_route",
      "provider": "provider[\"registry.terraform.io/hashicorp/aws\"]",
      "instances": [
        {
          "schema_version": 0,
          "attributes": {
            "carrier_gateway_id": "",
            "core_network_arn": "",
            "destination_cidr_block": "0.0.0.0/0",
            "destination_ipv6_cidr_block": "",
            "destination_prefix_list_id": "",
            "egress_only_gateway_id": "",
            "gateway_id": "",
            "id": "r-rtb-082513b3315de3fa81080289494",
            "instance_id": "",
            "instance_owner_id": "",
            "local_gateway_id": "",
            "nat_gateway_id": "nat-0caad8689b1160cf1",
            "network_interface_id": "",
            "origin": "CreateRoute",
            "region": "us-east-1",
            "route_table_id": "rtb-082513b3315de3fa8",
            "state": "active",
            "timeouts": null,
            "transit_gateway_id": "",
            "vpc_endpoint_id": "",
            "vpc_peering_connection_id": ""
          },
          "sensitive_attributes": [],
          "identity_schema_version": 0,
          "identity": {
            "account_id": "198547498722",
            "destination_cidr_block": "0.0.0.0/0",
            "destination_ipv6_cidr_block": null,
            "destination_prefix_list_id": null,
            "region": "us-east-1",
            "route_table_id": "rtb-082513b3315de3fa8"
          },
          "private": "eyJlMmJmYjczMC1lY2FhLTExZTYtOGY4OC0zNDM2M2JjN2M0YzAiOnsiY3JlYXRlIjozMDAwMDAwMDAwMDAsImRlbGV0ZSI6MzAwMDAwMDAwMDAwLCJ1cGRhdGUiOjEyMDAwMDAwMDAwMH19",
          "dependencies": [
            "aws_eip.chrisbarm_nat_eip01",
            "aws_internet_gateway.chrisbarm_igw01",
            "aws_nat_gateway.chrisbarm_nat01",
            "aws_route_table.chrisbarm_private_rt01",
            "aws_subnet.chrisbarm_public_subnets",
            "aws_vpc.chrisbarm_vpc01"
          ]
        }
      ]
    },
    {
      "mode": "managed",
      "type": "aws_route",
      "name": "chrisbarm_public_default_route",
      "provider": "provider[\"registry.terraform.io/hashicorp/aws\"]",
      "instances": [
        {
          "schema_version": 0,
          "attributes": {
            "carrier_gateway_id": "",
            "core_network_arn": "",
            "destination_cidr_block": "0.0.0.0/0",
            "destination_ipv6_cidr_block": "",
            "destination_prefix_list_id": "",
            "egress_only_gateway_id": "",
            "gateway_id": "igw-06bb0c23ce74a0a10",
            "id": "r-rtb-04df8d13efe5cdca71080289494",
            "instance_id": "",
            "instance_owner_id": "",
            "local_gateway_id": "",
            "nat_gateway_id": "",
            "network_interface_id": "",
            "origin": "CreateRoute",
            "region": "us-east-1",
            "route_table_id": "rtb-04df8d13efe5cdca7",
            "state": "active",
            "timeouts": null,
            "transit_gateway_id": "",
            "vpc_endpoint_id": "",
            "vpc_peering_connection_id": ""
          },
          "sensitive_attributes": [],
          "identity_schema_version": 0,
          "identity": {
            "account_id": "198547498722",
            "destination_cidr_block": "0.0.0.0/0",
            "destination_ipv6_cidr_block": null,
            "destination_prefix_list_id": null,
            "region": "us-east-1",
            "route_table_id": "rtb-04df8d13efe5cdca7"
          },
          "private": "eyJlMmJmYjczMC1lY2FhLTExZTYtOGY4OC0zNDM2M2JjN2M0YzAiOnsiY3JlYXRlIjozMDAwMDAwMDAwMDAsImRlbGV0ZSI6MzAwMDAwMDAwMDAwLCJ1cGRhdGUiOjEyMDAwMDAwMDAwMH19",
          "dependencies": [
            "aws_internet_gateway.chrisbarm_igw01",
            "aws_route_table.chrisbarm_public_rt01",
            "aws_vpc.chrisbarm_vpc01"
          ]
        }
      ]
    },
    {
      "mode": "managed",
      "type": "aws_route53_record",
      "name": "bonus_b_app_alias",
      "provider": "provider[\"registry.terraform.io/hashicorp/aws\"]",
      "instances": [
        {
          "index_key": 0,
          "schema_version": 2,
          "attributes": {
            "alias": [
              {
                "evaluate_target_health": true,
                "name": "chrisbarm-alb01-1863256900.us-east-1.elb.amazonaws.com",
                "zone_id": "Z35SXDOTRQ7X7K"
              }
            ],
            "allow_overwrite": null,
            "cidr_routing_policy": [],
            "failover_routing_policy": [],
            "fqdn": "app.chrisbarm-growl.com",
            "geolocation_routing_policy": [],
            "geoproximity_routing_policy": [],
            "health_check_id": "",
            "id": "Z04320211TBRUBNISXVHC_app.chrisbarm-growl.com_A",
            "latency_routing_policy": [],
            "multivalue_answer_routing_policy": false,
            "name": "app.chrisbarm-growl.com",
            "records": null,
            "set_identifier": "",
            "timeouts": null,
            "ttl": 0,
            "type": "A",
            "weighted_routing_policy": [],
            "zone_id": "Z04320211TBRUBNISXVHC"
          },
          "sensitive_attributes": [],
          "identity_schema_version": 0,
          "identity": {
            "account_id": "198547498722",
            "name": "app.chrisbarm-growl.com",
            "set_identifier": null,
            "type": "A",
            "zone_id": "Z04320211TBRUBNISXVHC"
          },
          "private": "eyJlMmJmYjczMC1lY2FhLTExZTYtOGY4OC0zNDM2M2JjN2M0YzAiOnsiY3JlYXRlIjoxODAwMDAwMDAwMDAwLCJkZWxldGUiOjE4MDAwMDAwMDAwMDAsInVwZGF0ZSI6MTgwMDAwMDAwMDAwMH0sInNjaGVtYV92ZXJzaW9uIjoiMiJ9",
          "dependencies": [
            "aws_lb.chrisbarm_alb01",
            "aws_route53_zone.bonus_b",
            "aws_security_group.chrisbarm_alb_sg01",
            "aws_subnet.chrisbarm_public_subnets",
            "aws_vpc.chrisbarm_vpc01",
            "data.aws_route53_zone.bonus_b"
          ]
        }
      ]
    },
    {
      "mode": "managed",
      "type": "aws_route53_record",
      "name": "bonus_b_cert_validation",
      "provider": "provider[\"registry.terraform.io/hashicorp/aws\"]",
      "instances": [
        {
          "index_key": "app.chrisbarm-growl.com",
          "schema_version": 2,
          "attributes": {
            "alias": [],
            "allow_overwrite": null,
            "cidr_routing_policy": [],
            "failover_routing_policy": [],
            "fqdn": "_bf40b9e8116bb5f9fe1aa724b2eee711.app.chrisbarm-growl.com",
            "geolocation_routing_policy": [],
            "geoproximity_routing_policy": [],
            "health_check_id": "",
            "id": "Z04320211TBRUBNISXVHC__bf40b9e8116bb5f9fe1aa724b2eee711.app.chrisbarm-growl.com._CNAME",
            "latency_routing_policy": [],
            "multivalue_answer_routing_policy": false,
            "name": "_bf40b9e8116bb5f9fe1aa724b2eee711.app.chrisbarm-growl.com",
            "records": [
              "_eb184d33ffd81d0ca82cf55e207cf81e.jkddzztszm.acm-validations.aws."
            ],
            "set_identifier": "",
            "timeouts": null,
            "ttl": 60,
            "type": "CNAME",
            "weighted_routing_policy": [],
            "zone_id": "Z04320211TBRUBNISXVHC"
          },
          "sensitive_attributes": [],
          "identity_schema_version": 0,
          "identity": {
            "account_id": "198547498722",
            "name": "_bf40b9e8116bb5f9fe1aa724b2eee711.app.chrisbarm-growl.com.",
            "set_identifier": null,
            "type": "CNAME",
            "zone_id": "Z04320211TBRUBNISXVHC"
          },
          "private": "eyJlMmJmYjczMC1lY2FhLTExZTYtOGY4OC0zNDM2M2JjN2M0YzAiOnsiY3JlYXRlIjoxODAwMDAwMDAwMDAwLCJkZWxldGUiOjE4MDAwMDAwMDAwMDAsInVwZGF0ZSI6MTgwMDAwMDAwMDAwMH0sInNjaGVtYV92ZXJzaW9uIjoiMiJ9",
          "dependencies": [
            "aws_acm_certificate.bonus_b_cert",
            "aws_route53_zone.bonus_b",
            "data.aws_route53_zone.bonus_b"
          ]
        }
      ]
    },
    {
      "mode": "managed",
      "type": "aws_route53_zone",
      "name": "bonus_b",
      "provider": "provider[\"registry.terraform.io/hashicorp/aws\"]",
      "instances": [
        {
          "index_key": 0,
          "schema_version": 0,
          "attributes": {
            "arn": "arn:aws:route53:::hostedzone/Z04320211TBRUBNISXVHC",
            "comment": "Managed by Terraform",
            "delegation_set_id": "",
            "enable_accelerated_recovery": false,
            "force_destroy": false,
            "id": "Z04320211TBRUBNISXVHC",
            "name": "chrisbarm-growl.com",
            "name_servers": [
              "ns-1415.awsdns-48.org",
              "ns-1954.awsdns-52.co.uk",
              "ns-575.awsdns-07.net",
              "ns-9.awsdns-01.com"
            ],
            "primary_name_server": "ns-1954.awsdns-52.co.uk",
            "tags": null,
            "tags_all": {},
            "timeouts": null,
            "vpc": [],
            "zone_id": "Z04320211TBRUBNISXVHC"
          },
          "sensitive_attributes": [],
          "identity_schema_version": 0,
          "private": "eyJlMmJmYjczMC1lY2FhLTExZTYtOGY4OC0zNDM2M2JjN2M0YzAiOnsiY3JlYXRlIjoxODAwMDAwMDAwMDAwLCJkZWxldGUiOjE4MDAwMDAwMDAwMDAsInVwZGF0ZSI6MTgwMDAwMDAwMDAwMH19"
        }
      ]
    },
    {
      "mode": "managed",
      "type": "aws_route_table",
      "name": "chrisbarm_private_rt01",
      "provider": "provider[\"registry.terraform.io/hashicorp/aws\"]",
      "instances": [
        {
          "schema_version": 0,
          "attributes": {
            "arn": "arn:aws:ec2:us-east-1:198547498722:route-table/rtb-082513b3315de3fa8",
            "id": "rtb-082513b3315de3fa8",
            "owner_id": "198547498722",
            "propagating_vgws": [],
            "region": "us-east-1",
            "route": [
              {
                "carrier_gateway_id": "",
                "cidr_block": "0.0.0.0/0",
                "core_network_arn": "",
                "destination_prefix_list_id": "",
                "egress_only_gateway_id": "",
                "gateway_id": "",
                "ipv6_cidr_block": "",
                "local_gateway_id": "",
                "nat_gateway_id": "nat-0caad8689b1160cf1",
                "network_interface_id": "",
                "transit_gateway_id": "",
                "vpc_endpoint_id": "",
                "vpc_peering_connection_id": ""
              }
            ],
            "tags": {
              "Name": "chrisbarm-private-rt01"
            },
            "tags_all": {
              "Name": "chrisbarm-private-rt01"
            },
            "timeouts": null,
            "vpc_id": "vpc-0e95b63f7d1f1cbe9"
          },
          "sensitive_attributes": [],
          "identity_schema_version": 0,
          "identity": {
            "account_id": "198547498722",
            "id": "rtb-082513b3315de3fa8",
            "region": "us-east-1"
          },
          "private": "eyJlMmJmYjczMC1lY2FhLTExZTYtOGY4OC0zNDM2M2JjN2M0YzAiOnsiY3JlYXRlIjozMDAwMDAwMDAwMDAsImRlbGV0ZSI6MzAwMDAwMDAwMDAwLCJ1cGRhdGUiOjEyMDAwMDAwMDAwMH19",
          "dependencies": [
            "aws_vpc.chrisbarm_vpc01"
          ]
        }
      ]
    },
    {
      "mode": "managed",
      "type": "aws_route_table",
      "name": "chrisbarm_public_rt01",
      "provider": "provider[\"registry.terraform.io/hashicorp/aws\"]",
      "instances": [
        {
          "schema_version": 0,
          "attributes": {
            "arn": "arn:aws:ec2:us-east-1:198547498722:route-table/rtb-04df8d13efe5cdca7",
            "id": "rtb-04df8d13efe5cdca7",
            "owner_id": "198547498722",
            "propagating_vgws": [],
            "region": "us-east-1",
            "route": [
              {
                "carrier_gateway_id": "",
                "cidr_block": "0.0.0.0/0",
                "core_network_arn": "",
                "destination_prefix_list_id": "",
                "egress_only_gateway_id": "",
                "gateway_id": "igw-06bb0c23ce74a0a10",
                "ipv6_cidr_block": "",
                "local_gateway_id": "",
                "nat_gateway_id": "",
                "network_interface_id": "",
                "transit_gateway_id": "",
                "vpc_endpoint_id": "",
                "vpc_peering_connection_id": ""
              }
            ],
            "tags": {
              "Name": "chrisbarm-public-rt01"
            },
            "tags_all": {
              "Name": "chrisbarm-public-rt01"
            },
            "timeouts": null,
            "vpc_id": "vpc-0e95b63f7d1f1cbe9"
          },
          "sensitive_attributes": [],
          "identity_schema_version": 0,
          "identity": {
            "account_id": "198547498722",
            "id": "rtb-04df8d13efe5cdca7",
            "region": "us-east-1"
          },
          "private": "eyJlMmJmYjczMC1lY2FhLTExZTYtOGY4OC0zNDM2M2JjN2M0YzAiOnsiY3JlYXRlIjozMDAwMDAwMDAwMDAsImRlbGV0ZSI6MzAwMDAwMDAwMDAwLCJ1cGRhdGUiOjEyMDAwMDAwMDAwMH19",
          "dependencies": [
            "aws_vpc.chrisbarm_vpc01"
          ]
        }
      ]
    },
    {
      "mode": "managed",
      "type": "aws_route_table_association",
      "name": "chrisbarm_private_rta",
      "provider": "provider[\"registry.terraform.io/hashicorp/aws\"]",
      "instances": [
        {
          "index_key": 0,
          "schema_version": 0,
          "attributes": {
            "gateway_id": "",
            "id": "rtbassoc-0360f9e0742d3db6a",
            "region": "us-east-1",
            "route_table_id": "rtb-082513b3315de3fa8",
            "subnet_id": "subnet-06e4b43455b66f6fc",
            "timeouts": null
          },
          "sensitive_attributes": [],
          "identity_schema_version": 0,
          "private": "eyJlMmJmYjczMC1lY2FhLTExZTYtOGY4OC0zNDM2M2JjN2M0YzAiOnsiY3JlYXRlIjozMDAwMDAwMDAwMDAsImRlbGV0ZSI6MzAwMDAwMDAwMDAwLCJ1cGRhdGUiOjEyMDAwMDAwMDAwMH19",
          "dependencies": [
            "aws_route_table.chrisbarm_private_rt01",
            "aws_subnet.chrisbarm_private_subnets",
            "aws_vpc.chrisbarm_vpc01"
          ]
        },
        {
          "index_key": 1,
          "schema_version": 0,
          "attributes": {
            "gateway_id": "",
            "id": "rtbassoc-0fe9455040d91fafc",
            "region": "us-east-1",
            "route_table_id": "rtb-082513b3315de3fa8",
            "subnet_id": "subnet-0d9a396bbd2bd3e1a",
            "timeouts": null
          },
          "sensitive_attributes": [],
          "identity_schema_version": 0,
          "private": "eyJlMmJmYjczMC1lY2FhLTExZTYtOGY4OC0zNDM2M2JjN2M0YzAiOnsiY3JlYXRlIjozMDAwMDAwMDAwMDAsImRlbGV0ZSI6MzAwMDAwMDAwMDAwLCJ1cGRhdGUiOjEyMDAwMDAwMDAwMH19",
          "dependencies": [
            "aws_route_table.chrisbarm_private_rt01",
            "aws_subnet.chrisbarm_private_subnets",
            "aws_vpc.chrisbarm_vpc01"
          ]
        }
      ]
    },
    {
      "mode": "managed",
      "type": "aws_route_table_association",
      "name": "chrisbarm_public_rta",
      "provider": "provider[\"registry.terraform.io/hashicorp/aws\"]",
      "instances": [
        {
          "index_key": 0,
          "schema_version": 0,
          "attributes": {
            "gateway_id": "",
            "id": "rtbassoc-0deac91579472272b",
            "region": "us-east-1",
            "route_table_id": "rtb-04df8d13efe5cdca7",
            "subnet_id": "subnet-0edcc937f92f62a62",
            "timeouts": null
          },
          "sensitive_attributes": [],
          "identity_schema_version": 0,
          "private": "eyJlMmJmYjczMC1lY2FhLTExZTYtOGY4OC0zNDM2M2JjN2M0YzAiOnsiY3JlYXRlIjozMDAwMDAwMDAwMDAsImRlbGV0ZSI6MzAwMDAwMDAwMDAwLCJ1cGRhdGUiOjEyMDAwMDAwMDAwMH19",
          "dependencies": [
            "aws_route_table.chrisbarm_public_rt01",
            "aws_subnet.chrisbarm_public_subnets",
            "aws_vpc.chrisbarm_vpc01"
          ]
        },
        {
          "index_key": 1,
          "schema_version": 0,
          "attributes": {
            "gateway_id": "",
            "id": "rtbassoc-02bf7151bc998ebf3",
            "region": "us-east-1",
            "route_table_id": "rtb-04df8d13efe5cdca7",
            "subnet_id": "subnet-0ba79ad4d030f5e3e",
            "timeouts": null
          },
          "sensitive_attributes": [],
          "identity_schema_version": 0,
          "private": "eyJlMmJmYjczMC1lY2FhLTExZTYtOGY4OC0zNDM2M2JjN2M0YzAiOnsiY3JlYXRlIjozMDAwMDAwMDAwMDAsImRlbGV0ZSI6MzAwMDAwMDAwMDAwLCJ1cGRhdGUiOjEyMDAwMDAwMDAwMH19",
          "dependencies": [
            "aws_route_table.chrisbarm_public_rt01",
            "aws_subnet.chrisbarm_public_subnets",
            "aws_vpc.chrisbarm_vpc01"
          ]
        }
      ]
    },
    {
      "mode": "managed",
      "type": "aws_secretsmanager_secret",
      "name": "chrisbarm_db_secret01",
      "provider": "provider[\"registry.terraform.io/hashicorp/aws\"]",
      "instances": [
        {
          "schema_version": 0,
          "attributes": {
            "arn": "arn:aws:secretsmanager:us-east-1:198547498722:secret:lab1a/rds/mysql-ZgJmsK",
            "description": "",
            "force_overwrite_replica_secret": false,
            "id": "arn:aws:secretsmanager:us-east-1:198547498722:secret:lab1a/rds/mysql-ZgJmsK",
            "kms_key_id": "",
            "name": "lab1a/rds/mysql",
            "name_prefix": "",
            "policy": "",
            "recovery_window_in_days": 0,
            "region": "us-east-1",
            "replica": [],
            "tags": {},
            "tags_all": {}
          },
          "sensitive_attributes": [],
          "identity_schema_version": 0,
          "identity": {
            "arn": "arn:aws:secretsmanager:us-east-1:198547498722:secret:lab1a/rds/mysql-ZgJmsK"
          },
          "private": "bnVsbA=="
        }
      ]
    },
    {
      "mode": "managed",
      "type": "aws_secretsmanager_secret_version",
      "name": "chrisbarm_db_secret_version01",
      "provider": "provider[\"registry.terraform.io/hashicorp/aws\"]",
      "instances": [
        {
          "schema_version": 0,
          "attributes": {
            "arn": "arn:aws:secretsmanager:us-east-1:198547498722:secret:lab1a/rds/mysql-ZgJmsK",
            "has_secret_string_wo": null,
            "id": "arn:aws:secretsmanager:us-east-1:198547498722:secret:lab1a/rds/mysql-ZgJmsK|terraform-20260204081617902500000001",
            "region": "us-east-1",
            "secret_binary": "",
            "secret_id": "arn:aws:secretsmanager:us-east-1:198547498722:secret:lab1a/rds/mysql-ZgJmsK",
            "secret_string": "{\"dbname\":\"labdb\",\"host\":\"chrisbarm-mysql.c4x68420cyvy.us-east-1.rds.amazonaws.com\",\"password\":\"redpillman\",\"port\":3306,\"username\":\"daman\"}",
            "secret_string_wo": null,
            "secret_string_wo_version": null,
            "version_id": "terraform-20260204081617902500000001",
            "version_stages": [
              "AWSCURRENT"
            ]
          },
          "sensitive_attributes": [
            [
              {
                "type": "get_attr",
                "value": "secret_binary"
              }
            ],
            [
              {
                "type": "get_attr",
                "value": "secret_string"
              }
            ],
            [
              {
                "type": "get_attr",
                "value": "secret_string_wo"
              }
            ]
          ],
          "identity_schema_version": 0,
          "identity": {
            "account_id": "198547498722",
            "region": "us-east-1",
            "secret_id": "arn:aws:secretsmanager:us-east-1:198547498722:secret:lab1a/rds/mysql-ZgJmsK",
            "version_id": "terraform-20260204081617902500000001"
          },
          "private": "bnVsbA==",
          "dependencies": [
            "aws_db_instance.chrisbarm_rds01",
            "aws_db_subnet_group.chrisbarm_rds_subnet_group01",
            "aws_secretsmanager_secret.chrisbarm_db_secret01",
            "aws_security_group.chrisbarm_rds_sg01",
            "aws_subnet.chrisbarm_private_subnets",
            "aws_vpc.chrisbarm_vpc01"
          ]
        }
      ]
    },
    {
      "mode": "managed",
      "type": "aws_security_group",
      "name": "chrisbarm_alb_sg01",
      "provider": "provider[\"registry.terraform.io/hashicorp/aws\"]",
      "instances": [
        {
          "schema_version": 1,
          "attributes": {
            "arn": "arn:aws:ec2:us-east-1:198547498722:security-group/sg-0a27c7cb6602e42f2",
            "description": "ALB security group (HTTP/HTTPS)",
            "egress": [],
            "id": "sg-0a27c7cb6602e42f2",
            "ingress": [],
            "name": "chrisbarm-alb-sg01",
            "name_prefix": "",
            "owner_id": "198547498722",
            "region": "us-east-1",
            "revoke_rules_on_delete": false,
            "tags": {
              "Name": "chrisbarm-alb-sg01"
            },
            "tags_all": {
              "Name": "chrisbarm-alb-sg01"
            },
            "timeouts": null,
            "vpc_id": "vpc-0e95b63f7d1f1cbe9"
          },
          "sensitive_attributes": [],
          "identity_schema_version": 0,
          "identity": {
            "account_id": "198547498722",
            "id": "sg-0a27c7cb6602e42f2",
            "region": "us-east-1"
          },
          "private": "eyJlMmJmYjczMC1lY2FhLTExZTYtOGY4OC0zNDM2M2JjN2M0YzAiOnsiY3JlYXRlIjo2MDAwMDAwMDAwMDAsImRlbGV0ZSI6OTAwMDAwMDAwMDAwfSwic2NoZW1hX3ZlcnNpb24iOiIxIn0=",
          "dependencies": [
            "aws_vpc.chrisbarm_vpc01"
          ]
        }
      ]
    },
    {
      "mode": "managed",
      "type": "aws_security_group",
      "name": "chrisbarm_ec2_sg01",
      "provider": "provider[\"registry.terraform.io/hashicorp/aws\"]",
      "instances": [
        {
          "schema_version": 1,
          "attributes": {
            "arn": "arn:aws:ec2:us-east-1:198547498722:security-group/sg-0ad4cd5d08ff66a9b",
            "description": "EC2 app security group (HTTP)",
            "egress": [
              {
                "cidr_blocks": [
                  "0.0.0.0/0"
                ],
                "description": "",
                "from_port": 0,
                "ipv6_cidr_blocks": [],
                "prefix_list_ids": [],
                "protocol": "-1",
                "security_groups": [],
                "self": false,
                "to_port": 0
              }
            ],
            "id": "sg-0ad4cd5d08ff66a9b",
            "ingress": [
              {
                "cidr_blocks": [
                  "0.0.0.0/0"
                ],
                "description": "",
                "from_port": 80,
                "ipv6_cidr_blocks": [],
                "prefix_list_ids": [],
                "protocol": "tcp",
                "security_groups": [],
                "self": false,
                "to_port": 80
              }
            ],
            "name": "chrisbarm-ec2-lab",
            "name_prefix": "",
            "owner_id": "198547498722",
            "region": "us-east-1",
            "revoke_rules_on_delete": false,
            "tags": {
              "Name": "chrisbarm-ec2-lab"
            },
            "tags_all": {
              "Name": "chrisbarm-ec2-lab"
            },
            "timeouts": null,
            "vpc_id": "vpc-0e95b63f7d1f1cbe9"
          },
          "sensitive_attributes": [],
          "identity_schema_version": 0,
          "identity": {
            "account_id": "198547498722",
            "id": "sg-0ad4cd5d08ff66a9b",
            "region": "us-east-1"
          },
          "private": "eyJlMmJmYjczMC1lY2FhLTExZTYtOGY4OC0zNDM2M2JjN2M0YzAiOnsiY3JlYXRlIjo2MDAwMDAwMDAwMDAsImRlbGV0ZSI6OTAwMDAwMDAwMDAwfSwic2NoZW1hX3ZlcnNpb24iOiIxIn0=",
          "dependencies": [
            "aws_vpc.chrisbarm_vpc01"
          ]
        }
      ]
    },
    {
      "mode": "managed",
      "type": "aws_security_group",
      "name": "chrisbarm_rds_sg01",
      "provider": "provider[\"registry.terraform.io/hashicorp/aws\"]",
      "instances": [
        {
          "schema_version": 1,
          "attributes": {
            "arn": "arn:aws:ec2:us-east-1:198547498722:security-group/sg-043a735d0ec223f3d",
            "description": "RDS security group (MySQL from EC2 SG only)",
            "egress": [
              {
                "cidr_blocks": [
                  "0.0.0.0/0"
                ],
                "description": "",
                "from_port": 0,
                "ipv6_cidr_blocks": [],
                "prefix_list_ids": [],
                "protocol": "-1",
                "security_groups": [],
                "self": false,
                "to_port": 0
              }
            ],
            "id": "sg-043a735d0ec223f3d",
            "ingress": [
              {
                "cidr_blocks": [],
                "description": "",
                "from_port": 3306,
                "ipv6_cidr_blocks": [],
                "prefix_list_ids": [],
                "protocol": "tcp",
                "security_groups": [
                  "sg-0ad4cd5d08ff66a9b"
                ],
                "self": false,
                "to_port": 3306
              }
            ],
            "name": "arm-sg-rds-lab",
            "name_prefix": "",
            "owner_id": "198547498722",
            "region": "us-east-1",
            "revoke_rules_on_delete": false,
            "tags": {
              "Name": "arm-sg-rds-lab"
            },
            "tags_all": {
              "Name": "arm-sg-rds-lab"
            },
            "timeouts": null,
            "vpc_id": "vpc-0e95b63f7d1f1cbe9"
          },
          "sensitive_attributes": [],
          "identity_schema_version": 0,
          "identity": {
            "account_id": "198547498722",
            "id": "sg-043a735d0ec223f3d",
            "region": "us-east-1"
          },
          "private": "eyJlMmJmYjczMC1lY2FhLTExZTYtOGY4OC0zNDM2M2JjN2M0YzAiOnsiY3JlYXRlIjo2MDAwMDAwMDAwMDAsImRlbGV0ZSI6OTAwMDAwMDAwMDAwfSwic2NoZW1hX3ZlcnNpb24iOiIxIn0=",
          "dependencies": [
            "aws_vpc.chrisbarm_vpc01"
          ]
        }
      ]
    },
    {
      "mode": "managed",
      "type": "aws_security_group",
      "name": "chrisbarm_vpce_sg01",
      "provider": "provider[\"registry.terraform.io/hashicorp/aws\"]",
      "instances": [
        {
          "schema_version": 1,
          "attributes": {
            "arn": "arn:aws:ec2:us-east-1:198547498722:security-group/sg-0f0ceedb277e42ffa",
            "description": "VPC Endpoint SG (HTTPS from EC2 only)",
            "egress": [
              {
                "cidr_blocks": [
                  "0.0.0.0/0"
                ],
                "description": "",
                "from_port": 0,
                "ipv6_cidr_blocks": [],
                "prefix_list_ids": [],
                "protocol": "-1",
                "security_groups": [],
                "self": false,
                "to_port": 0
              }
            ],
            "id": "sg-0f0ceedb277e42ffa",
            "ingress": [
              {
                "cidr_blocks": [],
                "description": "",
                "from_port": 443,
                "ipv6_cidr_blocks": [],
                "prefix_list_ids": [],
                "protocol": "tcp",
                "security_groups": [
                  "sg-0ad4cd5d08ff66a9b"
                ],
                "self": false,
                "to_port": 443
              }
            ],
            "name": "chrisbarm-vpce-sg01",
            "name_prefix": "",
            "owner_id": "198547498722",
            "region": "us-east-1",
            "revoke_rules_on_delete": false,
            "tags": {
              "Name": "chrisbarm-vpce-sg01"
            },
            "tags_all": {
              "Name": "chrisbarm-vpce-sg01"
            },
            "timeouts": null,
            "vpc_id": "vpc-0e95b63f7d1f1cbe9"
          },
          "sensitive_attributes": [],
          "identity_schema_version": 0,
          "identity": {
            "account_id": "198547498722",
            "id": "sg-0f0ceedb277e42ffa",
            "region": "us-east-1"
          },
          "private": "eyJlMmJmYjczMC1lY2FhLTExZTYtOGY4OC0zNDM2M2JjN2M0YzAiOnsiY3JlYXRlIjo2MDAwMDAwMDAwMDAsImRlbGV0ZSI6OTAwMDAwMDAwMDAwfSwic2NoZW1hX3ZlcnNpb24iOiIxIn0=",
          "dependencies": [
            "aws_vpc.chrisbarm_vpc01"
          ]
        }
      ]
    },
    {
      "mode": "managed",
      "type": "aws_sns_topic",
      "name": "chrisbarm_sns_topic01",
      "provider": "provider[\"registry.terraform.io/hashicorp/aws\"]",
      "instances": [
        {
          "schema_version": 0,
          "attributes": {
            "application_failure_feedback_role_arn": "",
            "application_success_feedback_role_arn": "",
            "application_success_feedback_sample_rate": 0,
            "archive_policy": "",
            "arn": "arn:aws:sns:us-east-1:198547498722:chrisbarm-alb-alarms",
            "beginning_archive_time": "",
            "content_based_deduplication": false,
            "delivery_policy": "",
            "display_name": "",
            "fifo_throughput_scope": "",
            "fifo_topic": false,
            "firehose_failure_feedback_role_arn": "",
            "firehose_success_feedback_role_arn": "",
            "firehose_success_feedback_sample_rate": 0,
            "http_failure_feedback_role_arn": "",
            "http_success_feedback_role_arn": "",
            "http_success_feedback_sample_rate": 0,
            "id": "arn:aws:sns:us-east-1:198547498722:chrisbarm-alb-alarms",
            "kms_master_key_id": "",
            "lambda_failure_feedback_role_arn": "",
            "lambda_success_feedback_role_arn": "",
            "lambda_success_feedback_sample_rate": 0,
            "name": "chrisbarm-alb-alarms",
            "name_prefix": "",
            "owner": "198547498722",
            "policy": "{\"Id\":\"__default_policy_ID\",\"Statement\":[{\"Action\":[\"SNS:GetTopicAttributes\",\"SNS:SetTopicAttributes\",\"SNS:AddPermission\",\"SNS:RemovePermission\",\"SNS:DeleteTopic\",\"SNS:Subscribe\",\"SNS:ListSubscriptionsByTopic\",\"SNS:Publish\"],\"Condition\":{\"StringEquals\":{\"AWS:SourceOwner\":\"198547498722\"}},\"Effect\":\"Allow\",\"Principal\":{\"AWS\":\"*\"},\"Resource\":\"arn:aws:sns:us-east-1:198547498722:chrisbarm-alb-alarms\",\"Sid\":\"__default_statement_ID\"}],\"Version\":\"2008-10-17\"}",
            "region": "us-east-1",
            "signature_version": 0,
            "sqs_failure_feedback_role_arn": "",
            "sqs_success_feedback_role_arn": "",
            "sqs_success_feedback_sample_rate": 0,
            "tags": null,
            "tags_all": {},
            "tracing_config": ""
          },
          "sensitive_attributes": [],
          "identity_schema_version": 0,
          "identity": {
            "arn": "arn:aws:sns:us-east-1:198547498722:chrisbarm-alb-alarms"
          },
          "private": "bnVsbA=="
        }
      ]
    },
    {
      "mode": "managed",
      "type": "aws_sns_topic_subscription",
      "name": "chrisbarm_sns_email",
      "provider": "provider[\"registry.terraform.io/hashicorp/aws\"]",
      "instances": [
        {
          "schema_version": 0,
          "attributes": {
            "arn": "arn:aws:sns:us-east-1:198547498722:chrisbarm-alb-alarms:6383e283-3470-4d43-ac4a-dd59b0921ec6",
            "confirmation_timeout_in_minutes": 1,
            "confirmation_was_authenticated": false,
            "delivery_policy": "",
            "endpoint": "chrisb@chrisbdevsecops.com",
            "endpoint_auto_confirms": false,
            "filter_policy": "",
            "filter_policy_scope": "",
            "id": "arn:aws:sns:us-east-1:198547498722:chrisbarm-alb-alarms:6383e283-3470-4d43-ac4a-dd59b0921ec6",
            "owner_id": "198547498722",
            "pending_confirmation": true,
            "protocol": "email",
            "raw_message_delivery": false,
            "redrive_policy": "",
            "region": "us-east-1",
            "replay_policy": "",
            "subscription_role_arn": "",
            "topic_arn": "arn:aws:sns:us-east-1:198547498722:chrisbarm-alb-alarms"
          },
          "sensitive_attributes": [],
          "identity_schema_version": 0,
          "identity": {
            "arn": "arn:aws:sns:us-east-1:198547498722:chrisbarm-alb-alarms:6383e283-3470-4d43-ac4a-dd59b0921ec6"
          },
          "private": "bnVsbA==",
          "dependencies": [
            "aws_sns_topic.chrisbarm_sns_topic01"
          ]
        }
      ]
    },
    {
      "mode": "managed",
      "type": "aws_subnet",
      "name": "chrisbarm_private_subnets",
      "provider": "provider[\"registry.terraform.io/hashicorp/aws\"]",
      "instances": [
        {
          "index_key": 0,
          "schema_version": 1,
          "attributes": {
            "arn": "arn:aws:ec2:us-east-1:198547498722:subnet/subnet-06e4b43455b66f6fc",
            "assign_ipv6_address_on_creation": false,
            "availability_zone": "us-east-1a",
            "availability_zone_id": "use1-az4",
            "cidr_block": "10.0.101.0/24",
            "customer_owned_ipv4_pool": "",
            "enable_dns64": false,
            "enable_lni_at_device_index": 0,
            "enable_resource_name_dns_a_record_on_launch": false,
            "enable_resource_name_dns_aaaa_record_on_launch": false,
            "id": "subnet-06e4b43455b66f6fc",
            "ipv4_ipam_pool_id": null,
            "ipv4_netmask_length": null,
            "ipv6_cidr_block": "",
            "ipv6_cidr_block_association_id": "",
            "ipv6_ipam_pool_id": null,
            "ipv6_native": false,
            "ipv6_netmask_length": null,
            "map_customer_owned_ip_on_launch": false,
            "map_public_ip_on_launch": false,
            "outpost_arn": "",
            "owner_id": "198547498722",
            "private_dns_hostname_type_on_launch": "ip-name",
            "region": "us-east-1",
            "tags": {
              "Name": "chrisbarm-private-1"
            },
            "tags_all": {
              "Name": "chrisbarm-private-1"
            },
            "timeouts": null,
            "vpc_id": "vpc-0e95b63f7d1f1cbe9"
          },
          "sensitive_attributes": [],
          "identity_schema_version": 0,
          "identity": {
            "account_id": "198547498722",
            "id": "subnet-06e4b43455b66f6fc",
            "region": "us-east-1"
          },
          "private": "eyJlMmJmYjczMC1lY2FhLTExZTYtOGY4OC0zNDM2M2JjN2M0YzAiOnsiY3JlYXRlIjo2MDAwMDAwMDAwMDAsImRlbGV0ZSI6MTIwMDAwMDAwMDAwMH0sInNjaGVtYV92ZXJzaW9uIjoiMSJ9",
          "dependencies": [
            "aws_vpc.chrisbarm_vpc01"
          ]
        },
        {
          "index_key": 1,
          "schema_version": 1,
          "attributes": {
            "arn": "arn:aws:ec2:us-east-1:198547498722:subnet/subnet-0d9a396bbd2bd3e1a",
            "assign_ipv6_address_on_creation": false,
            "availability_zone": "us-east-1b",
            "availability_zone_id": "use1-az6",
            "cidr_block": "10.0.102.0/24",
            "customer_owned_ipv4_pool": "",
            "enable_dns64": false,
            "enable_lni_at_device_index": 0,
            "enable_resource_name_dns_a_record_on_launch": false,
            "enable_resource_name_dns_aaaa_record_on_launch": false,
            "id": "subnet-0d9a396bbd2bd3e1a",
            "ipv4_ipam_pool_id": null,
            "ipv4_netmask_length": null,
            "ipv6_cidr_block": "",
            "ipv6_cidr_block_association_id": "",
            "ipv6_ipam_pool_id": null,
            "ipv6_native": false,
            "ipv6_netmask_length": null,
            "map_customer_owned_ip_on_launch": false,
            "map_public_ip_on_launch": false,
            "outpost_arn": "",
            "owner_id": "198547498722",
            "private_dns_hostname_type_on_launch": "ip-name",
            "region": "us-east-1",
            "tags": {
              "Name": "chrisbarm-private-2"
            },
            "tags_all": {
              "Name": "chrisbarm-private-2"
            },
            "timeouts": null,
            "vpc_id": "vpc-0e95b63f7d1f1cbe9"
          },
          "sensitive_attributes": [],
          "identity_schema_version": 0,
          "identity": {
            "account_id": "198547498722",
            "id": "subnet-0d9a396bbd2bd3e1a",
            "region": "us-east-1"
          },
          "private": "eyJlMmJmYjczMC1lY2FhLTExZTYtOGY4OC0zNDM2M2JjN2M0YzAiOnsiY3JlYXRlIjo2MDAwMDAwMDAwMDAsImRlbGV0ZSI6MTIwMDAwMDAwMDAwMH0sInNjaGVtYV92ZXJzaW9uIjoiMSJ9",
          "dependencies": [
            "aws_vpc.chrisbarm_vpc01"
          ]
        }
      ]
    },
    {
      "mode": "managed",
      "type": "aws_subnet",
      "name": "chrisbarm_public_subnets",
      "provider": "provider[\"registry.terraform.io/hashicorp/aws\"]",
      "instances": [
        {
          "index_key": 0,
          "schema_version": 1,
          "attributes": {
            "arn": "arn:aws:ec2:us-east-1:198547498722:subnet/subnet-0edcc937f92f62a62",
            "assign_ipv6_address_on_creation": false,
            "availability_zone": "us-east-1a",
            "availability_zone_id": "use1-az4",
            "cidr_block": "10.0.1.0/24",
            "customer_owned_ipv4_pool": "",
            "enable_dns64": false,
            "enable_lni_at_device_index": 0,
            "enable_resource_name_dns_a_record_on_launch": false,
            "enable_resource_name_dns_aaaa_record_on_launch": false,
            "id": "subnet-0edcc937f92f62a62",
            "ipv4_ipam_pool_id": null,
            "ipv4_netmask_length": null,
            "ipv6_cidr_block": "",
            "ipv6_cidr_block_association_id": "",
            "ipv6_ipam_pool_id": null,
            "ipv6_native": false,
            "ipv6_netmask_length": null,
            "map_customer_owned_ip_on_launch": false,
            "map_public_ip_on_launch": true,
            "outpost_arn": "",
            "owner_id": "198547498722",
            "private_dns_hostname_type_on_launch": "ip-name",
            "region": "us-east-1",
            "tags": {
              "Name": "chrisbarm-public-1"
            },
            "tags_all": {
              "Name": "chrisbarm-public-1"
            },
            "timeouts": null,
            "vpc_id": "vpc-0e95b63f7d1f1cbe9"
          },
          "sensitive_attributes": [],
          "identity_schema_version": 0,
          "identity": {
            "account_id": "198547498722",
            "id": "subnet-0edcc937f92f62a62",
            "region": "us-east-1"
          },
          "private": "eyJlMmJmYjczMC1lY2FhLTExZTYtOGY4OC0zNDM2M2JjN2M0YzAiOnsiY3JlYXRlIjo2MDAwMDAwMDAwMDAsImRlbGV0ZSI6MTIwMDAwMDAwMDAwMH0sInNjaGVtYV92ZXJzaW9uIjoiMSJ9",
          "dependencies": [
            "aws_vpc.chrisbarm_vpc01"
          ]
        },
        {
          "index_key": 1,
          "schema_version": 1,
          "attributes": {
            "arn": "arn:aws:ec2:us-east-1:198547498722:subnet/subnet-0ba79ad4d030f5e3e",
            "assign_ipv6_address_on_creation": false,
            "availability_zone": "us-east-1b",
            "availability_zone_id": "use1-az6",
            "cidr_block": "10.0.2.0/24",
            "customer_owned_ipv4_pool": "",
            "enable_dns64": false,
            "enable_lni_at_device_index": 0,
            "enable_resource_name_dns_a_record_on_launch": false,
            "enable_resource_name_dns_aaaa_record_on_launch": false,
            "id": "subnet-0ba79ad4d030f5e3e",
            "ipv4_ipam_pool_id": null,
            "ipv4_netmask_length": null,
            "ipv6_cidr_block": "",
            "ipv6_cidr_block_association_id": "",
            "ipv6_ipam_pool_id": null,
            "ipv6_native": false,
            "ipv6_netmask_length": null,
            "map_customer_owned_ip_on_launch": false,
            "map_public_ip_on_launch": true,
            "outpost_arn": "",
            "owner_id": "198547498722",
            "private_dns_hostname_type_on_launch": "ip-name",
            "region": "us-east-1",
            "tags": {
              "Name": "chrisbarm-public-2"
            },
            "tags_all": {
              "Name": "chrisbarm-public-2"
            },
            "timeouts": null,
            "vpc_id": "vpc-0e95b63f7d1f1cbe9"
          },
          "sensitive_attributes": [],
          "identity_schema_version": 0,
          "identity": {
            "account_id": "198547498722",
            "id": "subnet-0ba79ad4d030f5e3e",
            "region": "us-east-1"
          },
          "private": "eyJlMmJmYjczMC1lY2FhLTExZTYtOGY4OC0zNDM2M2JjN2M0YzAiOnsiY3JlYXRlIjo2MDAwMDAwMDAwMDAsImRlbGV0ZSI6MTIwMDAwMDAwMDAwMH0sInNjaGVtYV92ZXJzaW9uIjoiMSJ9",
          "dependencies": [
            "aws_vpc.chrisbarm_vpc01"
          ]
        }
      ]
    },
    {
      "mode": "managed",
      "type": "aws_vpc",
      "name": "chrisbarm_vpc01",
      "provider": "provider[\"registry.terraform.io/hashicorp/aws\"]",
      "instances": [
        {
          "schema_version": 1,
          "attributes": {
            "arn": "arn:aws:ec2:us-east-1:198547498722:vpc/vpc-0e95b63f7d1f1cbe9",
            "assign_generated_ipv6_cidr_block": false,
            "cidr_block": "10.0.0.0/16",
            "default_network_acl_id": "acl-0298026e5175e29fa",
            "default_route_table_id": "rtb-05da73ed21bb52e44",
            "default_security_group_id": "sg-0b3e555a81a4b9644",
            "dhcp_options_id": "dopt-01e734c97ac8d8a76",
            "enable_dns_hostnames": true,
            "enable_dns_support": true,
            "enable_network_address_usage_metrics": false,
            "id": "vpc-0e95b63f7d1f1cbe9",
            "instance_tenancy": "default",
            "ipv4_ipam_pool_id": null,
            "ipv4_netmask_length": null,
            "ipv6_association_id": "",
            "ipv6_cidr_block": "",
            "ipv6_cidr_block_network_border_group": "",
            "ipv6_ipam_pool_id": "",
            "ipv6_netmask_length": 0,
            "main_route_table_id": "rtb-05da73ed21bb52e44",
            "owner_id": "198547498722",
            "region": "us-east-1",
            "tags": {
              "Name": "chrisbarm-vpc01"
            },
            "tags_all": {
              "Name": "chrisbarm-vpc01"
            }
          },
          "sensitive_attributes": [],
          "identity_schema_version": 0,
          "identity": {
            "account_id": "198547498722",
            "id": "vpc-0e95b63f7d1f1cbe9",
            "region": "us-east-1"
          },
          "private": "eyJzY2hlbWFfdmVyc2lvbiI6IjEifQ=="
        }
      ]
    },
    {
      "mode": "managed",
      "type": "aws_vpc_endpoint",
      "name": "chrisbarm_interface_endpoints",
      "provider": "provider[\"registry.terraform.io/hashicorp/aws\"]",
      "instances": [
        {
          "index_key": "ec2messages",
          "schema_version": 0,
          "attributes": {
            "arn": "arn:aws:ec2:us-east-1:198547498722:vpc-endpoint/vpce-046c73937115f52bc",
            "auto_accept": null,
            "cidr_blocks": [],
            "dns_entry": [
              {
                "dns_name": "vpce-046c73937115f52bc-fzooyt1n.ec2messages.us-east-1.vpce.amazonaws.com",
                "hosted_zone_id": "Z7HUB22UULQXV"
              },
              {
                "dns_name": "vpce-046c73937115f52bc-fzooyt1n-us-east-1b.ec2messages.us-east-1.vpce.amazonaws.com",
                "hosted_zone_id": "Z7HUB22UULQXV"
              },
              {
                "dns_name": "vpce-046c73937115f52bc-fzooyt1n-us-east-1a.ec2messages.us-east-1.vpce.amazonaws.com",
                "hosted_zone_id": "Z7HUB22UULQXV"
              },
              {
                "dns_name": "ec2messages.us-east-1.amazonaws.com",
                "hosted_zone_id": "Z08235777TXT3HTAUYAL"
              }
            ],
            "dns_options": [
              {
                "dns_record_ip_type": "ipv4",
                "private_dns_only_for_inbound_resolver_endpoint": false,
                "private_dns_preference": "",
                "private_dns_specified_domains": []
              }
            ],
            "id": "vpce-046c73937115f52bc",
            "ip_address_type": "ipv4",
            "network_interface_ids": [
              "eni-025d7895ece793543",
              "eni-09987f9dc6d87875b"
            ],
            "owner_id": "198547498722",
            "policy": "{\"Statement\":[{\"Action\":\"*\",\"Effect\":\"Allow\",\"Principal\":\"*\",\"Resource\":\"*\"}]}",
            "prefix_list_id": null,
            "private_dns_enabled": true,
            "region": "us-east-1",
            "requester_managed": false,
            "resource_configuration_arn": "",
            "route_table_ids": [],
            "security_group_ids": [
              "sg-0f0ceedb277e42ffa"
            ],
            "service_name": "com.amazonaws.us-east-1.ec2messages",
            "service_network_arn": "",
            "service_region": "us-east-1",
            "state": "available",
            "subnet_configuration": [
              {
                "ipv4": "10.0.101.16",
                "ipv6": "",
                "subnet_id": "subnet-06e4b43455b66f6fc"
              },
              {
                "ipv4": "10.0.102.25",
                "ipv6": "",
                "subnet_id": "subnet-0d9a396bbd2bd3e1a"
              }
            ],
            "subnet_ids": [
              "subnet-06e4b43455b66f6fc",
              "subnet-0d9a396bbd2bd3e1a"
            ],
            "tags": {
              "Name": "chrisbarm-vpce-ec2messages"
            },
            "tags_all": {
              "Name": "chrisbarm-vpce-ec2messages"
            },
            "timeouts": null,
            "vpc_endpoint_type": "Interface",
            "vpc_id": "vpc-0e95b63f7d1f1cbe9"
          },
          "sensitive_attributes": [],
          "identity_schema_version": 0,
          "identity": {
            "account_id": "198547498722",
            "id": "vpce-046c73937115f52bc",
            "region": "us-east-1"
          },
          "private": "eyJlMmJmYjczMC1lY2FhLTExZTYtOGY4OC0zNDM2M2JjN2M0YzAiOnsiY3JlYXRlIjo2MDAwMDAwMDAwMDAsImRlbGV0ZSI6NjAwMDAwMDAwMDAwLCJ1cGRhdGUiOjYwMDAwMDAwMDAwMH19",
          "dependencies": [
            "aws_security_group.chrisbarm_vpce_sg01",
            "aws_subnet.chrisbarm_private_subnets",
            "aws_vpc.chrisbarm_vpc01"
          ]
        },
        {
          "index_key": "kms",
          "schema_version": 0,
          "attributes": {
            "arn": "arn:aws:ec2:us-east-1:198547498722:vpc-endpoint/vpce-0e0eb711d337caa8e",
            "auto_accept": null,
            "cidr_blocks": [],
            "dns_entry": [
              {
                "dns_name": "vpce-0e0eb711d337caa8e-1ange7xf.kms.us-east-1.vpce.amazonaws.com",
                "hosted_zone_id": "Z7HUB22UULQXV"
              },
              {
                "dns_name": "vpce-0e0eb711d337caa8e-1ange7xf-us-east-1a.kms.us-east-1.vpce.amazonaws.com",
                "hosted_zone_id": "Z7HUB22UULQXV"
              },
              {
                "dns_name": "vpce-0e0eb711d337caa8e-1ange7xf-us-east-1b.kms.us-east-1.vpce.amazonaws.com",
                "hosted_zone_id": "Z7HUB22UULQXV"
              },
              {
                "dns_name": "kms.us-east-1.amazonaws.com",
                "hosted_zone_id": "Z01465043VQ1213KYQFVB"
              },
              {
                "dns_name": "kms.us-east-1.api.aws",
                "hosted_zone_id": "Z0611032JNNXZ2TN2N4L"
              }
            ],
            "dns_options": [
              {
                "dns_record_ip_type": "ipv4",
                "private_dns_only_for_inbound_resolver_endpoint": false,
                "private_dns_preference": "",
                "private_dns_specified_domains": []
              }
            ],
            "id": "vpce-0e0eb711d337caa8e",
            "ip_address_type": "ipv4",
            "network_interface_ids": [
              "eni-03c96faf2041bb35f",
              "eni-0c37b8a49f2181f80"
            ],
            "owner_id": "198547498722",
            "policy": "{\"Statement\":[{\"Action\":\"*\",\"Effect\":\"Allow\",\"Principal\":\"*\",\"Resource\":\"*\"}]}",
            "prefix_list_id": null,
            "private_dns_enabled": true,
            "region": "us-east-1",
            "requester_managed": false,
            "resource_configuration_arn": "",
            "route_table_ids": [],
            "security_group_ids": [
              "sg-0f0ceedb277e42ffa"
            ],
            "service_name": "com.amazonaws.us-east-1.kms",
            "service_network_arn": "",
            "service_region": "us-east-1",
            "state": "available",
            "subnet_configuration": [
              {
                "ipv4": "10.0.101.114",
                "ipv6": "",
                "subnet_id": "subnet-06e4b43455b66f6fc"
              },
              {
                "ipv4": "10.0.102.174",
                "ipv6": "",
                "subnet_id": "subnet-0d9a396bbd2bd3e1a"
              }
            ],
            "subnet_ids": [
              "subnet-06e4b43455b66f6fc",
              "subnet-0d9a396bbd2bd3e1a"
            ],
            "tags": {
              "Name": "chrisbarm-vpce-kms"
            },
            "tags_all": {
              "Name": "chrisbarm-vpce-kms"
            },
            "timeouts": null,
            "vpc_endpoint_type": "Interface",
            "vpc_id": "vpc-0e95b63f7d1f1cbe9"
          },
          "sensitive_attributes": [],
          "identity_schema_version": 0,
          "identity": {
            "account_id": "198547498722",
            "id": "vpce-0e0eb711d337caa8e",
            "region": "us-east-1"
          },
          "private": "eyJlMmJmYjczMC1lY2FhLTExZTYtOGY4OC0zNDM2M2JjN2M0YzAiOnsiY3JlYXRlIjo2MDAwMDAwMDAwMDAsImRlbGV0ZSI6NjAwMDAwMDAwMDAwLCJ1cGRhdGUiOjYwMDAwMDAwMDAwMH19",
          "dependencies": [
            "aws_security_group.chrisbarm_vpce_sg01",
            "aws_subnet.chrisbarm_private_subnets",
            "aws_vpc.chrisbarm_vpc01"
          ]
        },
        {
          "index_key": "logs",
          "schema_version": 0,
          "attributes": {
            "arn": "arn:aws:ec2:us-east-1:198547498722:vpc-endpoint/vpce-0f1157bbc5bbc6ab7",
            "auto_accept": null,
            "cidr_blocks": [],
            "dns_entry": [
              {
                "dns_name": "vpce-0f1157bbc5bbc6ab7-7imixb4n.logs.us-east-1.vpce.amazonaws.com",
                "hosted_zone_id": "Z7HUB22UULQXV"
              },
              {
                "dns_name": "vpce-0f1157bbc5bbc6ab7-7imixb4n-us-east-1b.logs.us-east-1.vpce.amazonaws.com",
                "hosted_zone_id": "Z7HUB22UULQXV"
              },
              {
                "dns_name": "vpce-0f1157bbc5bbc6ab7-7imixb4n-us-east-1a.logs.us-east-1.vpce.amazonaws.com",
                "hosted_zone_id": "Z7HUB22UULQXV"
              },
              {
                "dns_name": "logs.us-east-1.amazonaws.com",
                "hosted_zone_id": "Z0610988PFJO83FIN24V"
              },
              {
                "dns_name": "streaming-logs.us-east-1.amazonaws.com",
                "hosted_zone_id": "Z0826567MH350AJL93GB"
              },
              {
                "dns_name": "streaming-logs.us-east-1.api.aws",
                "hosted_zone_id": "Z08263942JHRNV0GTA0MO"
              },
              {
                "dns_name": "logs.us-east-1.api.aws",
                "hosted_zone_id": "Z0826778T6WSW8CNLS8Y"
              }
            ],
            "dns_options": [
              {
                "dns_record_ip_type": "ipv4",
                "private_dns_only_for_inbound_resolver_endpoint": false,
                "private_dns_preference": "",
                "private_dns_specified_domains": []
              }
            ],
            "id": "vpce-0f1157bbc5bbc6ab7",
            "ip_address_type": "ipv4",
            "network_interface_ids": [
              "eni-035485c7db8431727",
              "eni-0c85ca0ad9120a440"
            ],
            "owner_id": "198547498722",
            "policy": "{\"Statement\":[{\"Action\":\"*\",\"Effect\":\"Allow\",\"Principal\":\"*\",\"Resource\":\"*\"}]}",
            "prefix_list_id": null,
            "private_dns_enabled": true,
            "region": "us-east-1",
            "requester_managed": false,
            "resource_configuration_arn": "",
            "route_table_ids": [],
            "security_group_ids": [
              "sg-0f0ceedb277e42ffa"
            ],
            "service_name": "com.amazonaws.us-east-1.logs",
            "service_network_arn": "",
            "service_region": "us-east-1",
            "state": "available",
            "subnet_configuration": [
              {
                "ipv4": "10.0.101.246",
                "ipv6": "",
                "subnet_id": "subnet-06e4b43455b66f6fc"
              },
              {
                "ipv4": "10.0.102.92",
                "ipv6": "",
                "subnet_id": "subnet-0d9a396bbd2bd3e1a"
              }
            ],
            "subnet_ids": [
              "subnet-06e4b43455b66f6fc",
              "subnet-0d9a396bbd2bd3e1a"
            ],
            "tags": {
              "Name": "chrisbarm-vpce-logs"
            },
            "tags_all": {
              "Name": "chrisbarm-vpce-logs"
            },
            "timeouts": null,
            "vpc_endpoint_type": "Interface",
            "vpc_id": "vpc-0e95b63f7d1f1cbe9"
          },
          "sensitive_attributes": [],
          "identity_schema_version": 0,
          "identity": {
            "account_id": "198547498722",
            "id": "vpce-0f1157bbc5bbc6ab7",
            "region": "us-east-1"
          },
          "private": "eyJlMmJmYjczMC1lY2FhLTExZTYtOGY4OC0zNDM2M2JjN2M0YzAiOnsiY3JlYXRlIjo2MDAwMDAwMDAwMDAsImRlbGV0ZSI6NjAwMDAwMDAwMDAwLCJ1cGRhdGUiOjYwMDAwMDAwMDAwMH19",
          "dependencies": [
            "aws_security_group.chrisbarm_vpce_sg01",
            "aws_subnet.chrisbarm_private_subnets",
            "aws_vpc.chrisbarm_vpc01"
          ]
        },
        {
          "index_key": "secretsmanager",
          "schema_version": 0,
          "attributes": {
            "arn": "arn:aws:ec2:us-east-1:198547498722:vpc-endpoint/vpce-01be9c428366afae6",
            "auto_accept": null,
            "cidr_blocks": [],
            "dns_entry": [
              {
                "dns_name": "vpce-01be9c428366afae6-8nnbeo0a.secretsmanager.us-east-1.vpce.amazonaws.com",
                "hosted_zone_id": "Z7HUB22UULQXV"
              },
              {
                "dns_name": "vpce-01be9c428366afae6-8nnbeo0a-us-east-1a.secretsmanager.us-east-1.vpce.amazonaws.com",
                "hosted_zone_id": "Z7HUB22UULQXV"
              },
              {
                "dns_name": "vpce-01be9c428366afae6-8nnbeo0a-us-east-1b.secretsmanager.us-east-1.vpce.amazonaws.com",
                "hosted_zone_id": "Z7HUB22UULQXV"
              },
              {
                "dns_name": "secretsmanager.us-east-1.amazonaws.com",
                "hosted_zone_id": "Z01469901CIOC5VLIJQOV"
              }
            ],
            "dns_options": [
              {
                "dns_record_ip_type": "ipv4",
                "private_dns_only_for_inbound_resolver_endpoint": false,
                "private_dns_preference": "",
                "private_dns_specified_domains": []
              }
            ],
            "id": "vpce-01be9c428366afae6",
            "ip_address_type": "ipv4",
            "network_interface_ids": [
              "eni-0470fe1ff7f61c56a",
              "eni-0d50f1e854e5eec84"
            ],
            "owner_id": "198547498722",
            "policy": "{\"Statement\":[{\"Action\":\"*\",\"Effect\":\"Allow\",\"Principal\":\"*\",\"Resource\":\"*\"}]}",
            "prefix_list_id": null,
            "private_dns_enabled": true,
            "region": "us-east-1",
            "requester_managed": false,
            "resource_configuration_arn": "",
            "route_table_ids": [],
            "security_group_ids": [
              "sg-0f0ceedb277e42ffa"
            ],
            "service_name": "com.amazonaws.us-east-1.secretsmanager",
            "service_network_arn": "",
            "service_region": "us-east-1",
            "state": "available",
            "subnet_configuration": [
              {
                "ipv4": "10.0.101.191",
                "ipv6": "",
                "subnet_id": "subnet-06e4b43455b66f6fc"
              },
              {
                "ipv4": "10.0.102.172",
                "ipv6": "",
                "subnet_id": "subnet-0d9a396bbd2bd3e1a"
              }
            ],
            "subnet_ids": [
              "subnet-06e4b43455b66f6fc",
              "subnet-0d9a396bbd2bd3e1a"
            ],
            "tags": {
              "Name": "chrisbarm-vpce-secretsmanager"
            },
            "tags_all": {
              "Name": "chrisbarm-vpce-secretsmanager"
            },
            "timeouts": null,
            "vpc_endpoint_type": "Interface",
            "vpc_id": "vpc-0e95b63f7d1f1cbe9"
          },
          "sensitive_attributes": [],
          "identity_schema_version": 0,
          "identity": {
            "account_id": "198547498722",
            "id": "vpce-01be9c428366afae6",
            "region": "us-east-1"
          },
          "private": "eyJlMmJmYjczMC1lY2FhLTExZTYtOGY4OC0zNDM2M2JjN2M0YzAiOnsiY3JlYXRlIjo2MDAwMDAwMDAwMDAsImRlbGV0ZSI6NjAwMDAwMDAwMDAwLCJ1cGRhdGUiOjYwMDAwMDAwMDAwMH19",
          "dependencies": [
            "aws_security_group.chrisbarm_vpce_sg01",
            "aws_subnet.chrisbarm_private_subnets",
            "aws_vpc.chrisbarm_vpc01"
          ]
        },
        {
          "index_key": "ssm",
          "schema_version": 0,
          "attributes": {
            "arn": "arn:aws:ec2:us-east-1:198547498722:vpc-endpoint/vpce-02cf99e573ec6c371",
            "auto_accept": null,
            "cidr_blocks": [],
            "dns_entry": [
              {
                "dns_name": "vpce-02cf99e573ec6c371-bu7gjxoc.ssm.us-east-1.vpce.amazonaws.com",
                "hosted_zone_id": "Z7HUB22UULQXV"
              },
              {
                "dns_name": "vpce-02cf99e573ec6c371-bu7gjxoc-us-east-1a.ssm.us-east-1.vpce.amazonaws.com",
                "hosted_zone_id": "Z7HUB22UULQXV"
              },
              {
                "dns_name": "vpce-02cf99e573ec6c371-bu7gjxoc-us-east-1b.ssm.us-east-1.vpce.amazonaws.com",
                "hosted_zone_id": "Z7HUB22UULQXV"
              },
              {
                "dns_name": "ssm.us-east-1.amazonaws.com",
                "hosted_zone_id": "Z082357421OH8GORDY5JE"
              },
              {
                "dns_name": "ssm.us-east-1.api.aws",
                "hosted_zone_id": "Z082357310CJY93VFH42B"
              }
            ],
            "dns_options": [
              {
                "dns_record_ip_type": "ipv4",
                "private_dns_only_for_inbound_resolver_endpoint": false,
                "private_dns_preference": "",
                "private_dns_specified_domains": []
              }
            ],
            "id": "vpce-02cf99e573ec6c371",
            "ip_address_type": "ipv4",
            "network_interface_ids": [
              "eni-0751891ab06937f45",
              "eni-09cff2f0bae0b93ac"
            ],
            "owner_id": "198547498722",
            "policy": "{\"Statement\":[{\"Action\":\"*\",\"Effect\":\"Allow\",\"Principal\":\"*\",\"Resource\":\"*\"}]}",
            "prefix_list_id": null,
            "private_dns_enabled": true,
            "region": "us-east-1",
            "requester_managed": false,
            "resource_configuration_arn": "",
            "route_table_ids": [],
            "security_group_ids": [
              "sg-0f0ceedb277e42ffa"
            ],
            "service_name": "com.amazonaws.us-east-1.ssm",
            "service_network_arn": "",
            "service_region": "us-east-1",
            "state": "available",
            "subnet_configuration": [
              {
                "ipv4": "10.0.101.183",
                "ipv6": "",
                "subnet_id": "subnet-06e4b43455b66f6fc"
              },
              {
                "ipv4": "10.0.102.73",
                "ipv6": "",
                "subnet_id": "subnet-0d9a396bbd2bd3e1a"
              }
            ],
            "subnet_ids": [
              "subnet-06e4b43455b66f6fc",
              "subnet-0d9a396bbd2bd3e1a"
            ],
            "tags": {
              "Name": "chrisbarm-vpce-ssm"
            },
            "tags_all": {
              "Name": "chrisbarm-vpce-ssm"
            },
            "timeouts": null,
            "vpc_endpoint_type": "Interface",
            "vpc_id": "vpc-0e95b63f7d1f1cbe9"
          },
          "sensitive_attributes": [],
          "identity_schema_version": 0,
          "identity": {
            "account_id": "198547498722",
            "id": "vpce-02cf99e573ec6c371",
            "region": "us-east-1"
          },
          "private": "eyJlMmJmYjczMC1lY2FhLTExZTYtOGY4OC0zNDM2M2JjN2M0YzAiOnsiY3JlYXRlIjo2MDAwMDAwMDAwMDAsImRlbGV0ZSI6NjAwMDAwMDAwMDAwLCJ1cGRhdGUiOjYwMDAwMDAwMDAwMH19",
          "dependencies": [
            "aws_security_group.chrisbarm_vpce_sg01",
            "aws_subnet.chrisbarm_private_subnets",
            "aws_vpc.chrisbarm_vpc01"
          ]
        },
        {
          "index_key": "ssmmessages",
          "schema_version": 0,
          "attributes": {
            "arn": "arn:aws:ec2:us-east-1:198547498722:vpc-endpoint/vpce-0a59d3977f72c43c2",
            "auto_accept": null,
            "cidr_blocks": [],
            "dns_entry": [
              {
                "dns_name": "vpce-0a59d3977f72c43c2-6kwkv3ln.ssmmessages.us-east-1.vpce.amazonaws.com",
                "hosted_zone_id": "Z7HUB22UULQXV"
              },
              {
                "dns_name": "vpce-0a59d3977f72c43c2-6kwkv3ln-us-east-1a.ssmmessages.us-east-1.vpce.amazonaws.com",
                "hosted_zone_id": "Z7HUB22UULQXV"
              },
              {
                "dns_name": "vpce-0a59d3977f72c43c2-6kwkv3ln-us-east-1b.ssmmessages.us-east-1.vpce.amazonaws.com",
                "hosted_zone_id": "Z7HUB22UULQXV"
              },
              {
                "dns_name": "ssmmessages.us-east-1.amazonaws.com",
                "hosted_zone_id": "Z08261833T8RVEP4D79OA"
              },
              {
                "dns_name": "ssmmessages.us-east-1.api.aws",
                "hosted_zone_id": "Z01470412FSWX4OL25XZ8"
              }
            ],
            "dns_options": [
              {
                "dns_record_ip_type": "ipv4",
                "private_dns_only_for_inbound_resolver_endpoint": false,
                "private_dns_preference": "",
                "private_dns_specified_domains": []
              }
            ],
            "id": "vpce-0a59d3977f72c43c2",
            "ip_address_type": "ipv4",
            "network_interface_ids": [
              "eni-0659e856573b12c55",
              "eni-075a5662840bf21f2"
            ],
            "owner_id": "198547498722",
            "policy": "{\"Statement\":[{\"Action\":\"*\",\"Effect\":\"Allow\",\"Principal\":\"*\",\"Resource\":\"*\"}]}",
            "prefix_list_id": null,
            "private_dns_enabled": true,
            "region": "us-east-1",
            "requester_managed": false,
            "resource_configuration_arn": "",
            "route_table_ids": [],
            "security_group_ids": [
              "sg-0f0ceedb277e42ffa"
            ],
            "service_name": "com.amazonaws.us-east-1.ssmmessages",
            "service_network_arn": "",
            "service_region": "us-east-1",
            "state": "available",
            "subnet_configuration": [
              {
                "ipv4": "10.0.101.72",
                "ipv6": "",
                "subnet_id": "subnet-06e4b43455b66f6fc"
              },
              {
                "ipv4": "10.0.102.34",
                "ipv6": "",
                "subnet_id": "subnet-0d9a396bbd2bd3e1a"
              }
            ],
            "subnet_ids": [
              "subnet-06e4b43455b66f6fc",
              "subnet-0d9a396bbd2bd3e1a"
            ],
            "tags": {
              "Name": "chrisbarm-vpce-ssmmessages"
            },
            "tags_all": {
              "Name": "chrisbarm-vpce-ssmmessages"
            },
            "timeouts": null,
            "vpc_endpoint_type": "Interface",
            "vpc_id": "vpc-0e95b63f7d1f1cbe9"
          },
          "sensitive_attributes": [],
          "identity_schema_version": 0,
          "identity": {
            "account_id": "198547498722",
            "id": "vpce-0a59d3977f72c43c2",
            "region": "us-east-1"
          },
          "private": "eyJlMmJmYjczMC1lY2FhLTExZTYtOGY4OC0zNDM2M2JjN2M0YzAiOnsiY3JlYXRlIjo2MDAwMDAwMDAwMDAsImRlbGV0ZSI6NjAwMDAwMDAwMDAwLCJ1cGRhdGUiOjYwMDAwMDAwMDAwMH19",
          "dependencies": [
            "aws_security_group.chrisbarm_vpce_sg01",
            "aws_subnet.chrisbarm_private_subnets",
            "aws_vpc.chrisbarm_vpc01"
          ]
        }
      ]
    },
    {
      "mode": "managed",
      "type": "aws_vpc_endpoint",
      "name": "chrisbarm_s3_gateway_endpoint",
      "provider": "provider[\"registry.terraform.io/hashicorp/aws\"]",
      "instances": [
        {
          "schema_version": 0,
          "attributes": {
            "arn": "arn:aws:ec2:us-east-1:198547498722:vpc-endpoint/vpce-062b17e89c9d013a5",
            "auto_accept": null,
            "cidr_blocks": [
              "16.15.176.0/20",
              "16.182.0.0/16",
              "18.34.0.0/19",
              "52.216.0.0/15",
              "54.231.0.0/16",
              "3.5.0.0/19",
              "18.34.232.0/21",
              "16.15.192.0/18"
            ],
            "dns_entry": [],
            "dns_options": [
              {
                "dns_record_ip_type": "service-defined",
                "private_dns_only_for_inbound_resolver_endpoint": false,
                "private_dns_preference": "",
                "private_dns_specified_domains": []
              }
            ],
            "id": "vpce-062b17e89c9d013a5",
            "ip_address_type": "ipv4",
            "network_interface_ids": [],
            "owner_id": "198547498722",
            "policy": "{\"Statement\":[{\"Action\":\"*\",\"Effect\":\"Allow\",\"Principal\":\"*\",\"Resource\":\"*\"}],\"Version\":\"2008-10-17\"}",
            "prefix_list_id": "pl-63a5400a",
            "private_dns_enabled": false,
            "region": "us-east-1",
            "requester_managed": false,
            "resource_configuration_arn": "",
            "route_table_ids": [
              "rtb-082513b3315de3fa8"
            ],
            "security_group_ids": [],
            "service_name": "com.amazonaws.us-east-1.s3",
            "service_network_arn": "",
            "service_region": "us-east-1",
            "state": "available",
            "subnet_configuration": [],
            "subnet_ids": [],
            "tags": {
              "Name": "chrisbarm-vpce-s3"
            },
            "tags_all": {
              "Name": "chrisbarm-vpce-s3"
            },
            "timeouts": null,
            "vpc_endpoint_type": "Gateway",
            "vpc_id": "vpc-0e95b63f7d1f1cbe9"
          },
          "sensitive_attributes": [],
          "identity_schema_version": 0,
          "identity": {
            "account_id": "198547498722",
            "id": "vpce-062b17e89c9d013a5",
            "region": "us-east-1"
          },
          "private": "eyJlMmJmYjczMC1lY2FhLTExZTYtOGY4OC0zNDM2M2JjN2M0YzAiOnsiY3JlYXRlIjo2MDAwMDAwMDAwMDAsImRlbGV0ZSI6NjAwMDAwMDAwMDAwLCJ1cGRhdGUiOjYwMDAwMDAwMDAwMH19",
          "dependencies": [
            "aws_route_table.chrisbarm_private_rt01",
            "aws_vpc.chrisbarm_vpc01"
          ]
        }
      ]
    },
    {
      "mode": "managed",
      "type": "aws_vpc_security_group_egress_rule",
      "name": "chrisbarm_alb_sg_egress_app",
      "provider": "provider[\"registry.terraform.io/hashicorp/aws\"]",
      "instances": [
        {
          "schema_version": 0,
          "attributes": {
            "arn": "arn:aws:ec2:us-east-1:198547498722:security-group-rule/sgr-0e9ca6a4c50838d9c",
            "cidr_ipv4": null,
            "cidr_ipv6": null,
            "description": null,
            "from_port": 80,
            "id": "sgr-0e9ca6a4c50838d9c",
            "ip_protocol": "tcp",
            "prefix_list_id": null,
            "referenced_security_group_id": "sg-0ad4cd5d08ff66a9b",
            "region": "us-east-1",
            "security_group_id": "sg-0a27c7cb6602e42f2",
            "security_group_rule_id": "sgr-0e9ca6a4c50838d9c",
            "tags": null,
            "tags_all": {},
            "to_port": 80
          },
          "sensitive_attributes": [],
          "identity_schema_version": 0,
          "identity": {
            "account_id": "198547498722",
            "id": "sgr-0e9ca6a4c50838d9c",
            "region": "us-east-1"
          },
          "dependencies": [
            "aws_security_group.chrisbarm_alb_sg01",
            "aws_security_group.chrisbarm_ec2_sg01",
            "aws_vpc.chrisbarm_vpc01"
          ]
        }
      ]
    },
    {
      "mode": "managed",
      "type": "aws_vpc_security_group_egress_rule",
      "name": "chrisbarm_ec2_sg_egress_all",
      "provider": "provider[\"registry.terraform.io/hashicorp/aws\"]",
      "instances": [
        {
          "schema_version": 0,
          "attributes": {
            "arn": "arn:aws:ec2:us-east-1:198547498722:security-group-rule/sgr-0a74a9b9af948e532",
            "cidr_ipv4": "0.0.0.0/0",
            "cidr_ipv6": null,
            "description": null,
            "from_port": -1,
            "id": "sgr-0a74a9b9af948e532",
            "ip_protocol": "-1",
            "prefix_list_id": null,
            "referenced_security_group_id": null,
            "region": "us-east-1",
            "security_group_id": "sg-0ad4cd5d08ff66a9b",
            "security_group_rule_id": "sgr-0a74a9b9af948e532",
            "tags": null,
            "tags_all": {},
            "to_port": -1
          },
          "sensitive_attributes": [],
          "identity_schema_version": 0,
          "identity": {
            "account_id": "198547498722",
            "id": "sgr-0a74a9b9af948e532",
            "region": "us-east-1"
          },
          "dependencies": [
            "aws_security_group.chrisbarm_ec2_sg01",
            "aws_vpc.chrisbarm_vpc01"
          ]
        }
      ]
    },
    {
      "mode": "managed",
      "type": "aws_vpc_security_group_egress_rule",
      "name": "chrisbarm_rds_sg_egress_all",
      "provider": "provider[\"registry.terraform.io/hashicorp/aws\"]",
      "instances": [
        {
          "schema_version": 0,
          "attributes": {
            "arn": "arn:aws:ec2:us-east-1:198547498722:security-group-rule/sgr-007dab32d05e6bc32",
            "cidr_ipv4": "0.0.0.0/0",
            "cidr_ipv6": null,
            "description": null,
            "from_port": -1,
            "id": "sgr-007dab32d05e6bc32",
            "ip_protocol": "-1",
            "prefix_list_id": null,
            "referenced_security_group_id": null,
            "region": "us-east-1",
            "security_group_id": "sg-043a735d0ec223f3d",
            "security_group_rule_id": "sgr-007dab32d05e6bc32",
            "tags": null,
            "tags_all": {},
            "to_port": -1
          },
          "sensitive_attributes": [],
          "identity_schema_version": 0,
          "identity": {
            "account_id": "198547498722",
            "id": "sgr-007dab32d05e6bc32",
            "region": "us-east-1"
          },
          "dependencies": [
            "aws_security_group.chrisbarm_rds_sg01",
            "aws_vpc.chrisbarm_vpc01"
          ]
        }
      ]
    },
    {
      "mode": "managed",
      "type": "aws_vpc_security_group_egress_rule",
      "name": "chrisbarm_vpce_sg_egress_all",
      "provider": "provider[\"registry.terraform.io/hashicorp/aws\"]",
      "instances": [
        {
          "schema_version": 0,
          "attributes": {
            "arn": "arn:aws:ec2:us-east-1:198547498722:security-group-rule/sgr-0488b6ab731bc6cbe",
            "cidr_ipv4": "0.0.0.0/0",
            "cidr_ipv6": null,
            "description": null,
            "from_port": -1,
            "id": "sgr-0488b6ab731bc6cbe",
            "ip_protocol": "-1",
            "prefix_list_id": null,
            "referenced_security_group_id": null,
            "region": "us-east-1",
            "security_group_id": "sg-0f0ceedb277e42ffa",
            "security_group_rule_id": "sgr-0488b6ab731bc6cbe",
            "tags": null,
            "tags_all": {},
            "to_port": -1
          },
          "sensitive_attributes": [],
          "identity_schema_version": 0,
          "identity": {
            "account_id": "198547498722",
            "id": "sgr-0488b6ab731bc6cbe",
            "region": "us-east-1"
          },
          "dependencies": [
            "aws_security_group.chrisbarm_vpce_sg01",
            "aws_vpc.chrisbarm_vpc01"
          ]
        }
      ]
    },
    {
      "mode": "managed",
      "type": "aws_vpc_security_group_ingress_rule",
      "name": "chrisbarm_alb_sg_ingress_http",
      "provider": "provider[\"registry.terraform.io/hashicorp/aws\"]",
      "instances": [
        {
          "schema_version": 0,
          "attributes": {
            "arn": "arn:aws:ec2:us-east-1:198547498722:security-group-rule/sgr-0e3beb97b3e4c7057",
            "cidr_ipv4": "0.0.0.0/0",
            "cidr_ipv6": null,
            "description": null,
            "from_port": 80,
            "id": "sgr-0e3beb97b3e4c7057",
            "ip_protocol": "tcp",
            "prefix_list_id": null,
            "referenced_security_group_id": null,
            "region": "us-east-1",
            "security_group_id": "sg-0a27c7cb6602e42f2",
            "security_group_rule_id": "sgr-0e3beb97b3e4c7057",
            "tags": null,
            "tags_all": {},
            "to_port": 80
          },
          "sensitive_attributes": [],
          "identity_schema_version": 0,
          "identity": {
            "account_id": "198547498722",
            "id": "sgr-0e3beb97b3e4c7057",
            "region": "us-east-1"
          },
          "dependencies": [
            "aws_security_group.chrisbarm_alb_sg01",
            "aws_vpc.chrisbarm_vpc01"
          ]
        }
      ]
    },
    {
      "mode": "managed",
      "type": "aws_vpc_security_group_ingress_rule",
      "name": "chrisbarm_alb_sg_ingress_https",
      "provider": "provider[\"registry.terraform.io/hashicorp/aws\"]",
      "instances": [
        {
          "schema_version": 0,
          "attributes": {
            "arn": "arn:aws:ec2:us-east-1:198547498722:security-group-rule/sgr-0ad68ee7c2a018c22",
            "cidr_ipv4": "0.0.0.0/0",
            "cidr_ipv6": null,
            "description": null,
            "from_port": 443,
            "id": "sgr-0ad68ee7c2a018c22",
            "ip_protocol": "tcp",
            "prefix_list_id": null,
            "referenced_security_group_id": null,
            "region": "us-east-1",
            "security_group_id": "sg-0a27c7cb6602e42f2",
            "security_group_rule_id": "sgr-0ad68ee7c2a018c22",
            "tags": null,
            "tags_all": {},
            "to_port": 443
          },
          "sensitive_attributes": [],
          "identity_schema_version": 0,
          "identity": {
            "account_id": "198547498722",
            "id": "sgr-0ad68ee7c2a018c22",
            "region": "us-east-1"
          },
          "dependencies": [
            "aws_security_group.chrisbarm_alb_sg01",
            "aws_vpc.chrisbarm_vpc01"
          ]
        }
      ]
    },
    {
      "mode": "managed",
      "type": "aws_vpc_security_group_ingress_rule",
      "name": "chrisbarm_ec2_sg_ingress_http",
      "provider": "provider[\"registry.terraform.io/hashicorp/aws\"]",
      "instances": [
        {
          "schema_version": 0,
          "attributes": {
            "arn": "arn:aws:ec2:us-east-1:198547498722:security-group-rule/sgr-00b78af8f1374a6ae",
            "cidr_ipv4": "0.0.0.0/0",
            "cidr_ipv6": null,
            "description": null,
            "from_port": 80,
            "id": "sgr-00b78af8f1374a6ae",
            "ip_protocol": "tcp",
            "prefix_list_id": null,
            "referenced_security_group_id": null,
            "region": "us-east-1",
            "security_group_id": "sg-0ad4cd5d08ff66a9b",
            "security_group_rule_id": "sgr-00b78af8f1374a6ae",
            "tags": null,
            "tags_all": {},
            "to_port": 80
          },
          "sensitive_attributes": [],
          "identity_schema_version": 0,
          "identity": {
            "account_id": "198547498722",
            "id": "sgr-00b78af8f1374a6ae",
            "region": "us-east-1"
          },
          "dependencies": [
            "aws_security_group.chrisbarm_ec2_sg01",
            "aws_vpc.chrisbarm_vpc01"
          ]
        }
      ]
    },
    {
      "mode": "managed",
      "type": "aws_vpc_security_group_ingress_rule",
      "name": "chrisbarm_rds_sg_ingress_mysql",
      "provider": "provider[\"registry.terraform.io/hashicorp/aws\"]",
      "instances": [
        {
          "schema_version": 0,
          "attributes": {
            "arn": "arn:aws:ec2:us-east-1:198547498722:security-group-rule/sgr-0dd55defeacbe380e",
            "cidr_ipv4": null,
            "cidr_ipv6": null,
            "description": null,
            "from_port": 3306,
            "id": "sgr-0dd55defeacbe380e",
            "ip_protocol": "tcp",
            "prefix_list_id": null,
            "referenced_security_group_id": "sg-0ad4cd5d08ff66a9b",
            "region": "us-east-1",
            "security_group_id": "sg-043a735d0ec223f3d",
            "security_group_rule_id": "sgr-0dd55defeacbe380e",
            "tags": null,
            "tags_all": {},
            "to_port": 3306
          },
          "sensitive_attributes": [],
          "identity_schema_version": 0,
          "identity": {
            "account_id": "198547498722",
            "id": "sgr-0dd55defeacbe380e",
            "region": "us-east-1"
          },
          "dependencies": [
            "aws_security_group.chrisbarm_ec2_sg01",
            "aws_security_group.chrisbarm_rds_sg01",
            "aws_vpc.chrisbarm_vpc01"
          ]
        }
      ]
    },
    {
      "mode": "managed",
      "type": "aws_vpc_security_group_ingress_rule",
      "name": "chrisbarm_vpce_sg_ingress_https",
      "provider": "provider[\"registry.terraform.io/hashicorp/aws\"]",
      "instances": [
        {
          "schema_version": 0,
          "attributes": {
            "arn": "arn:aws:ec2:us-east-1:198547498722:security-group-rule/sgr-0a04b96db7b4bed82",
            "cidr_ipv4": null,
            "cidr_ipv6": null,
            "description": null,
            "from_port": 443,
            "id": "sgr-0a04b96db7b4bed82",
            "ip_protocol": "tcp",
            "prefix_list_id": null,
            "referenced_security_group_id": "sg-0ad4cd5d08ff66a9b",
            "region": "us-east-1",
            "security_group_id": "sg-0f0ceedb277e42ffa",
            "security_group_rule_id": "sgr-0a04b96db7b4bed82",
            "tags": null,
            "tags_all": {},
            "to_port": 443
          },
          "sensitive_attributes": [],
          "identity_schema_version": 0,
          "identity": {
            "account_id": "198547498722",
            "id": "sgr-0a04b96db7b4bed82",
            "region": "us-east-1"
          },
          "dependencies": [
            "aws_security_group.chrisbarm_ec2_sg01",
            "aws_security_group.chrisbarm_vpce_sg01",
            "aws_vpc.chrisbarm_vpc01"
          ]
        }
      ]
    },
    {
      "mode": "managed",
      "type": "aws_wafv2_web_acl",
      "name": "chrisbarm_alb_waf01",
      "provider": "provider[\"registry.terraform.io/hashicorp/aws\"]",
      "instances": [
        {
          "index_key": 0,
          "schema_version": 0,
          "attributes": {
            "application_integration_url": "",
            "arn": "arn:aws:wafv2:us-east-1:198547498722:regional/webacl/chrisbarm-alb-waf01/61197224-e5dc-4598-98d2-040a5c65dff5",
            "association_config": [],
            "capacity": 0,
            "captcha_config": [],
            "challenge_config": [],
            "custom_response_body": [],
            "data_protection_config": [],
            "default_action": [
              {
                "allow": [
                  {
                    "custom_request_handling": []
                  }
                ],
                "block": []
              }
            ],
            "description": "",
            "id": "61197224-e5dc-4598-98d2-040a5c65dff5",
            "lock_token": "5bd6350b-bb24-4607-82b2-e5e9ccd8a52b",
            "name": "chrisbarm-alb-waf01",
            "name_prefix": "",
            "region": "us-east-1",
            "rule": [],
            "rule_json": null,
            "scope": "REGIONAL",
            "tags": null,
            "tags_all": {},
            "token_domains": null,
            "visibility_config": [
              {
                "cloudwatch_metrics_enabled": true,
                "metric_name": "chrisbarm-alb-waf",
                "sampled_requests_enabled": true
              }
            ]
          },
          "sensitive_attributes": [],
          "identity_schema_version": 0,
          "private": "bnVsbA=="
        }
      ]
    },
    {
      "mode": "managed",
      "type": "aws_wafv2_web_acl_association",
      "name": "chrisbarm_alb_waf_assoc01",
      "provider": "provider[\"registry.terraform.io/hashicorp/aws\"]",
      "instances": [
        {
          "index_key": 0,
          "schema_version": 0,
          "attributes": {
            "id": "arn:aws:wafv2:us-east-1:198547498722:regional/webacl/chrisbarm-alb-waf01/61197224-e5dc-4598-98d2-040a5c65dff5,arn:aws:elasticloadbalancing:us-east-1:198547498722:loadbalancer/app/chrisbarm-alb01/64de7b1cb6437a2f",
            "region": "us-east-1",
            "resource_arn": "arn:aws:elasticloadbalancing:us-east-1:198547498722:loadbalancer/app/chrisbarm-alb01/64de7b1cb6437a2f",
            "timeouts": null,
            "web_acl_arn": "arn:aws:wafv2:us-east-1:198547498722:regional/webacl/chrisbarm-alb-waf01/61197224-e5dc-4598-98d2-040a5c65dff5"
          },
          "sensitive_attributes": [],
          "identity_schema_version": 0,
          "private": "eyJlMmJmYjczMC1lY2FhLTExZTYtOGY4OC0zNDM2M2JjN2M0YzAiOnsiY3JlYXRlIjo2MDAwMDAwMDAwMDB9fQ==",
          "dependencies": [
            "aws_lb.chrisbarm_alb01",
            "aws_security_group.chrisbarm_alb_sg01",
            "aws_subnet.chrisbarm_public_subnets",
            "aws_vpc.chrisbarm_vpc01",
            "aws_wafv2_web_acl.chrisbarm_alb_waf01"
          ]
        }
      ]
    }
  ],
  "check_results": null
}
